// !$*UTF8*$!
{
	archiveVersion = 1;
	classes = {
	};
	objectVersion = 46;
	objects = {

/* Begin PBXBuildFile section */
		54AA2A5E92184F65AEDCA9BF /* libPods.a in Frameworks */ = {isa = PBXBuildFile; fileRef = E89BC0EF117C4B498CA04172 /* libPods.a */; };
		5F0296BE195BFE5B0094F542 /* babyq_next_button.png in Resources */ = {isa = PBXBuildFile; fileRef = 5F0296BD195BFE5B0094F542 /* babyq_next_button.png */; };
		5F0296C0195C009F0094F542 /* babyq_survey_x.png in Resources */ = {isa = PBXBuildFile; fileRef = 5F0296BF195C009F0094F542 /* babyq_survey_x.png */; };
		5F2FD67D1964684B00B41E23 /* MyriadPro-Semibold.otf in Resources */ = {isa = PBXBuildFile; fileRef = 5F2FD67C1964652600B41E23 /* MyriadPro-Semibold.otf */; };
		5F2FD67E1964685000B41E23 /* MyriadPro-Bold.otf in Resources */ = {isa = PBXBuildFile; fileRef = 5F2FD67B196464D700B41E23 /* MyriadPro-Bold.otf */; };
		5F2FD6821964CD9200B41E23 /* GetScore.storyboard in Resources */ = {isa = PBXBuildFile; fileRef = 5F2FD6811964CD9200B41E23 /* GetScore.storyboard */; };
		5F2FD6851964D47700B41E23 /* GetScoreViewController.h in Headers */ = {isa = PBXBuildFile; fileRef = 5F2FD6831964D47700B41E23 /* GetScoreViewController.h */; };
		5F2FD6861964D47700B41E23 /* GetScoreViewController.m in Sources */ = {isa = PBXBuildFile; fileRef = 5F2FD6841964D47700B41E23 /* GetScoreViewController.m */; };
		5F3AF6FA194F711400BD04CE /* ScoreProgress.storyboard in Resources */ = {isa = PBXBuildFile; fileRef = 5F3AF6F9194F711400BD04CE /* ScoreProgress.storyboard */; };
		5F3AF6FD194F72A000BD04CE /* ScoreProgressViewController.m in Sources */ = {isa = PBXBuildFile; fileRef = 5F3AF6FC194F72A000BD04CE /* ScoreProgressViewController.m */; };
		5F3AF700194F7C9700BD04CE /* ScoreProgressGraphView.m in Sources */ = {isa = PBXBuildFile; fileRef = 5F3AF6FF194F7C9700BD04CE /* ScoreProgressGraphView.m */; };
		5F3AF702194FCAC200BD04CE /* HowItWorks.storyboard in Resources */ = {isa = PBXBuildFile; fileRef = 5F3AF701194FCAC200BD04CE /* HowItWorks.storyboard */; };
		5F3AF704194FD0E200BD04CE /* babyq_cloud.png in Resources */ = {isa = PBXBuildFile; fileRef = 5F3AF703194FD0E200BD04CE /* babyq_cloud.png */; };
		5F3AF707194FD1F500BD04CE /* HowItWorksPageViewController.m in Sources */ = {isa = PBXBuildFile; fileRef = 5F3AF706194FD1F500BD04CE /* HowItWorksPageViewController.m */; };
		5F3AF70A194FD38500BD04CE /* HowItWorksContentViewController.m in Sources */ = {isa = PBXBuildFile; fileRef = 5F3AF709194FD38500BD04CE /* HowItWorksContentViewController.m */; };
		5F3D2000196F53DE00248D0A /* FacebookSDK.framework in Frameworks */ = {isa = PBXBuildFile; fileRef = 5F3D1FFF196F53DE00248D0A /* FacebookSDK.framework */; };
		5F3FBD7F194A1C8700FB0548 /* SurveyViewController.m in Sources */ = {isa = PBXBuildFile; fileRef = 5F3FBD7E194A1C8700FB0548 /* SurveyViewController.m */; };
		5F3FBD82194A1E5500FB0548 /* babyq_circle_orange.png in Resources */ = {isa = PBXBuildFile; fileRef = 5F3FBD80194A1E5500FB0548 /* babyq_circle_orange.png */; };
		5F3FBD83194A1E5500FB0548 /* babyq_circle.png in Resources */ = {isa = PBXBuildFile; fileRef = 5F3FBD81194A1E5500FB0548 /* babyq_circle.png */; };
		5F3FBD86194A1F5F00FB0548 /* Bebas.ttf in Resources */ = {isa = PBXBuildFile; fileRef = 5F3FBD85194A1F5F00FB0548 /* Bebas.ttf */; };
		5F3FBD88194A311100FB0548 /* MyriadPro-Regular.otf in Resources */ = {isa = PBXBuildFile; fileRef = 5F3FBD87194A260200FB0548 /* MyriadPro-Regular.otf */; };
		5F3FBD8A194A32FB00FB0548 /* MyProfile.storyboard in Resources */ = {isa = PBXBuildFile; fileRef = 5F3FBD89194A32FB00FB0548 /* MyProfile.storyboard */; };
		5F3FBD8C194A395A00FB0548 /* Settings.storyboard in Resources */ = {isa = PBXBuildFile; fileRef = 5F3FBD8B194A395A00FB0548 /* Settings.storyboard */; };
		5F46197F196D02970014F5F3 /* ForgotPassword.storyboard in Resources */ = {isa = PBXBuildFile; fileRef = 5F46197E196D02970014F5F3 /* ForgotPassword.storyboard */; };
		5F461982196D05120014F5F3 /* ForgotPasswordViewController.h in Headers */ = {isa = PBXBuildFile; fileRef = 5F461980196D05120014F5F3 /* ForgotPasswordViewController.h */; };
		5F461983196D05120014F5F3 /* ForgotPasswordViewController.m in Sources */ = {isa = PBXBuildFile; fileRef = 5F461981196D05120014F5F3 /* ForgotPasswordViewController.m */; };
		5F49D12819526ACF0073BD85 /* Constants.h in Headers */ = {isa = PBXBuildFile; fileRef = 5F49D12619526ACF0073BD85 /* Constants.h */; };
		5F49D12919526ACF0073BD85 /* Constants.m in Sources */ = {isa = PBXBuildFile; fileRef = 5F49D12719526ACF0073BD85 /* Constants.m */; };
		5F574FD219491A19006059D2 /* SideSwipeTableViewCell.m in Sources */ = {isa = PBXBuildFile; fileRef = 5F574FD119491A19006059D2 /* SideSwipeTableViewCell.m */; };
		5F574FD5194927BC006059D2 /* SideSwipeTableViewController.m in Sources */ = {isa = PBXBuildFile; fileRef = 5F574FD4194927BC006059D2 /* SideSwipeTableViewController.m */; };
		5F574FD91949397B006059D2 /* babyq_dropdown_arrow.png in Resources */ = {isa = PBXBuildFile; fileRef = 5F7FF0071948035C00A48C86 /* babyq_dropdown_arrow.png */; };
		5F68D7FF195E3D1D00C799E7 /* babyq_score_background.png in Resources */ = {isa = PBXBuildFile; fileRef = 5F68D7FC195E3D1D00C799E7 /* babyq_score_background.png */; };
		5F68D800195E3D1D00C799E7 /* babyq_slider_horizontal.png in Resources */ = {isa = PBXBuildFile; fileRef = 5F68D7FD195E3D1D00C799E7 /* babyq_slider_horizontal.png */; };
		5F68D801195E3D1D00C799E7 /* babyq_slider_vertical.png in Resources */ = {isa = PBXBuildFile; fileRef = 5F68D7FE195E3D1D00C799E7 /* babyq_slider_vertical.png */; };
		5F7B25CA1949035F006EDB4D /* CurrentScoreViewController.m in Sources */ = {isa = PBXBuildFile; fileRef = 5F7B25C91949035F006EDB4D /* CurrentScoreViewController.m */; };
		5F7B25CD194907E6006EDB4D /* HomePageNavigationController.m in Sources */ = {isa = PBXBuildFile; fileRef = 5F7B25CC194907E6006EDB4D /* HomePageNavigationController.m */; };
		5F7FF04C1948035C00A48C86 /* babyq_dropdown_arrow_survey.png in Resources */ = {isa = PBXBuildFile; fileRef = 5F7FF0081948035C00A48C86 /* babyq_dropdown_arrow_survey.png */; };
		5F7FF04D1948035C00A48C86 /* babyq_menu_arrow_right.png in Resources */ = {isa = PBXBuildFile; fileRef = 5F7FF0091948035C00A48C86 /* babyq_menu_arrow_right.png */; };
		5F7FF04E1948035C00A48C86 /* babyq_orange_arrow_down.png in Resources */ = {isa = PBXBuildFile; fileRef = 5F7FF00A1948035C00A48C86 /* babyq_orange_arrow_down.png */; };
		5F7FF04F1948035C00A48C86 /* babyq_orange_arrow_right.png in Resources */ = {isa = PBXBuildFile; fileRef = 5F7FF00B1948035C00A48C86 /* babyq_orange_arrow_right.png */; };
		5F7FF0501948035C00A48C86 /* babyq_orange_arrow_thin_right.png in Resources */ = {isa = PBXBuildFile; fileRef = 5F7FF00C1948035C00A48C86 /* babyq_orange_arrow_thin_right.png */; };
		5F7FF0511948035C00A48C86 /* babyq_feedback_avatar.png in Resources */ = {isa = PBXBuildFile; fileRef = 5F7FF00E1948035C00A48C86 /* babyq_feedback_avatar.png */; };
		5F7FF0521948035C00A48C86 /* babyq_join_avatar.png in Resources */ = {isa = PBXBuildFile; fileRef = 5F7FF00F1948035C00A48C86 /* babyq_join_avatar.png */; };
		5F7FF0531948035C00A48C86 /* babyq_currentscore_total_background.png in Resources */ = {isa = PBXBuildFile; fileRef = 5F7FF0111948035C00A48C86 /* babyq_currentscore_total_background.png */; };
		5F7FF0541948035C00A48C86 /* babyq_green_background.png in Resources */ = {isa = PBXBuildFile; fileRef = 5F7FF0121948035C00A48C86 /* babyq_green_background.png */; };
		5F7FF0551948035C00A48C86 /* babyq_light_grid_background.png in Resources */ = {isa = PBXBuildFile; fileRef = 5F7FF0131948035C00A48C86 /* babyq_light_grid_background.png */; };
		5F7FF0561948035C00A48C86 /* baby_q_signinjoin_button.png in Resources */ = {isa = PBXBuildFile; fileRef = 5F7FF0151948035C00A48C86 /* baby_q_signinjoin_button.png */; };
		5F7FF0571948035C00A48C86 /* babyq_blog_button.png in Resources */ = {isa = PBXBuildFile; fileRef = 5F7FF0161948035C00A48C86 /* babyq_blog_button.png */; };
		5F7FF0581948035C00A48C86 /* babyq_completed_to-do_buttons.png in Resources */ = {isa = PBXBuildFile; fileRef = 5F7FF0171948035C00A48C86 /* babyq_completed_to-do_buttons.png */; };
		5F7FF0591948035C00A48C86 /* babyq_get_started_button.png in Resources */ = {isa = PBXBuildFile; fileRef = 5F7FF0181948035C00A48C86 /* babyq_get_started_button.png */; };
		5F7FF05A1948035C00A48C86 /* babyq_get_your_score_button.png in Resources */ = {isa = PBXBuildFile; fileRef = 5F7FF0191948035C00A48C86 /* babyq_get_your_score_button.png */; };
		5F7FF05B1948035C00A48C86 /* babyq_join_button.png in Resources */ = {isa = PBXBuildFile; fileRef = 5F7FF01A1948035C00A48C86 /* babyq_join_button.png */; };
		5F7FF05C1948035C00A48C86 /* babyq_login_facebook_button.png in Resources */ = {isa = PBXBuildFile; fileRef = 5F7FF01B1948035C00A48C86 /* babyq_login_facebook_button.png */; };
		5F7FF05E1948035C00A48C86 /* babyq_save_button.png in Resources */ = {isa = PBXBuildFile; fileRef = 5F7FF01D1948035C00A48C86 /* babyq_save_button.png */; };
		5F7FF05F1948035C00A48C86 /* babyq_signin_button.png in Resources */ = {isa = PBXBuildFile; fileRef = 5F7FF01E1948035C00A48C86 /* babyq_signin_button.png */; };
		5F7FF0601948035C00A48C86 /* babyq_signin_orange_button.png in Resources */ = {isa = PBXBuildFile; fileRef = 5F7FF01F1948035C00A48C86 /* babyq_signin_orange_button.png */; };
		5F7FF0611948035C00A48C86 /* babyq_signout_button.png in Resources */ = {isa = PBXBuildFile; fileRef = 5F7FF0201948035C00A48C86 /* babyq_signout_button.png */; };
		5F7FF0621948035C00A48C86 /* babyq_update_your_score_button.png in Resources */ = {isa = PBXBuildFile; fileRef = 5F7FF0211948035C00A48C86 /* babyq_update_your_score_button.png */; };
		5F7FF0631948035C00A48C86 /* babyq_view_progress_button.png in Resources */ = {isa = PBXBuildFile; fileRef = 5F7FF0221948035C00A48C86 /* babyq_view_progress_button.png */; };
		5F7FF0641948035C00A48C86 /* babyq_website_button.png in Resources */ = {isa = PBXBuildFile; fileRef = 5F7FF0231948035C00A48C86 /* babyq_website_button.png */; };
		5F7FF0651948035C00A48C86 /* babyq_dots_divider.png in Resources */ = {isa = PBXBuildFile; fileRef = 5F7FF0251948035C00A48C86 /* babyq_dots_divider.png */; };
		5F7FF0661948035C00A48C86 /* babyq_popup_divider.png in Resources */ = {isa = PBXBuildFile; fileRef = 5F7FF0261948035C00A48C86 /* babyq_popup_divider.png */; };
		5F7FF0671948035C00A48C86 /* babyq_completed_to-do_header in Resources */ = {isa = PBXBuildFile; fileRef = 5F7FF0281948035C00A48C86 /* babyq_completed_to-do_header */; };
		5F7FF0681948035C00A48C86 /* babyq_currentscore_header.png in Resources */ = {isa = PBXBuildFile; fileRef = 5F7FF0291948035C00A48C86 /* babyq_currentscore_header.png */; };
		5F7FF0691948035C00A48C86 /* babyq_forgotpassword.png in Resources */ = {isa = PBXBuildFile; fileRef = 5F7FF02A1948035C00A48C86 /* babyq_forgotpassword.png */; };
		5F7FF06A1948035C00A48C86 /* babyq_get_your_babyq_score_header.png in Resources */ = {isa = PBXBuildFile; fileRef = 5F7FF02B1948035C00A48C86 /* babyq_get_your_babyq_score_header.png */; };
		5F7FF06B1948035C00A48C86 /* babyq_header_back_arrow.png in Resources */ = {isa = PBXBuildFile; fileRef = 5F7FF02C1948035C00A48C86 /* babyq_header_back_arrow.png */; };
		5F7FF06C1948035C00A48C86 /* babyq_instructions_header.png in Resources */ = {isa = PBXBuildFile; fileRef = 5F7FF02D1948035C00A48C86 /* babyq_instructions_header.png */; };
		5F7FF06D1948035C00A48C86 /* babyq_survey_complete_header.png in Resources */ = {isa = PBXBuildFile; fileRef = 5F7FF02E1948035C00A48C86 /* babyq_survey_complete_header.png */; };
		5F7FF06E1948035C00A48C86 /* babyq_take_the_survey_header.png in Resources */ = {isa = PBXBuildFile; fileRef = 5F7FF02F1948035C00A48C86 /* babyq_take_the_survey_header.png */; };
		5F7FF06F1948035C00A48C86 /* babyq_to-do_completed_header.png in Resources */ = {isa = PBXBuildFile; fileRef = 5F7FF0301948035C00A48C86 /* babyq_to-do_completed_header.png */; };
		5F7FF0701948035C00A48C86 /* babyq_tutorials_header.png in Resources */ = {isa = PBXBuildFile; fileRef = 5F7FF0311948035C00A48C86 /* babyq_tutorials_header.png */; };
		5F7FF0711948035C00A48C86 /* babyq_update_babyq_score_header.png in Resources */ = {isa = PBXBuildFile; fileRef = 5F7FF0321948035C00A48C86 /* babyq_update_babyq_score_header.png */; };
		5F7FF0721948035C00A48C86 /* babyq_camera_icon.png in Resources */ = {isa = PBXBuildFile; fileRef = 5F7FF0341948035C00A48C86 /* babyq_camera_icon.png */; };
		5F7FF0731948035C00A48C86 /* babyq_check_box.png in Resources */ = {isa = PBXBuildFile; fileRef = 5F7FF0351948035C00A48C86 /* babyq_check_box.png */; };
		5F7FF0741948035C00A48C86 /* babyq_check_mark.png in Resources */ = {isa = PBXBuildFile; fileRef = 5F7FF0361948035C00A48C86 /* babyq_check_mark.png */; };
		5F7FF0751948035C00A48C86 /* babyq_dailytip_icon.png in Resources */ = {isa = PBXBuildFile; fileRef = 5F7FF0371948035C00A48C86 /* babyq_dailytip_icon.png */; };
		5F7FF0761948035C00A48C86 /* babyq_edit_icon.png in Resources */ = {isa = PBXBuildFile; fileRef = 5F7FF0381948035C00A48C86 /* babyq_edit_icon.png */; };
		5F7FF0771948035C00A48C86 /* babyq_facebook_icon.png in Resources */ = {isa = PBXBuildFile; fileRef = 5F7FF0391948035C00A48C86 /* babyq_facebook_icon.png */; };
		5F7FF0781948035C00A48C86 /* babyq_menu_currentscore_icon.png in Resources */ = {isa = PBXBuildFile; fileRef = 5F7FF03A1948035C00A48C86 /* babyq_menu_currentscore_icon.png */; };
		5F7FF0791948035C00A48C86 /* babyq_menu_how-to_icon.png in Resources */ = {isa = PBXBuildFile; fileRef = 5F7FF03B1948035C00A48C86 /* babyq_menu_how-to_icon.png */; };
		5F7FF07A1948035C00A48C86 /* babyq_menu_icon.png in Resources */ = {isa = PBXBuildFile; fileRef = 5F7FF03C1948035C00A48C86 /* babyq_menu_icon.png */; };
		5F7FF07B1948035C00A48C86 /* babyq_menu_my_profile_icon.png in Resources */ = {isa = PBXBuildFile; fileRef = 5F7FF03D1948035C00A48C86 /* babyq_menu_my_profile_icon.png */; };
		5F7FF07C1948035C00A48C86 /* babyq_menu_score_progress_icon.png in Resources */ = {isa = PBXBuildFile; fileRef = 5F7FF03E1948035C00A48C86 /* babyq_menu_score_progress_icon.png */; };
		5F7FF07D1948035C00A48C86 /* babyq_menu_settigns_icon.png in Resources */ = {isa = PBXBuildFile; fileRef = 5F7FF03F1948035C00A48C86 /* babyq_menu_settigns_icon.png */; };
		5F7FF07E1948035C00A48C86 /* babyq_menu_to-dos_icon.png in Resources */ = {isa = PBXBuildFile; fileRef = 5F7FF0401948035C00A48C86 /* babyq_menu_to-dos_icon.png */; };
		5F7FF07F1948035C00A48C86 /* babyq_progress_slider.png in Resources */ = {isa = PBXBuildFile; fileRef = 5F7FF0411948035C00A48C86 /* babyq_progress_slider.png */; };
		5F7FF0801948035C00A48C86 /* babyq_signin_questionmark.png in Resources */ = {isa = PBXBuildFile; fileRef = 5F7FF0421948035C00A48C86 /* babyq_signin_questionmark.png */; };
		5F7FF0811948035C00A48C86 /* babyq_survey_icon.png in Resources */ = {isa = PBXBuildFile; fileRef = 5F7FF0431948035C00A48C86 /* babyq_survey_icon.png */; };
		5F7FF0821948035C00A48C86 /* babyq_take_survey_X.png in Resources */ = {isa = PBXBuildFile; fileRef = 5F7FF0441948035C00A48C86 /* babyq_take_survey_X.png */; };
		5F7FF0831948035C00A48C86 /* babyq_twitter_icon.png in Resources */ = {isa = PBXBuildFile; fileRef = 5F7FF0451948035C00A48C86 /* babyq_twitter_icon.png */; };
		5F7FF0841948035C00A48C86 /* babyq_logo.png in Resources */ = {isa = PBXBuildFile; fileRef = 5F7FF0471948035C00A48C86 /* babyq_logo.png */; };
		5F7FF0851948035C00A48C86 /* babyq_popover.png in Resources */ = {isa = PBXBuildFile; fileRef = 5F7FF0491948035C00A48C86 /* babyq_popover.png */; };
		5F7FF0861948035C00A48C86 /* babyq_progressbar_bubble.png in Resources */ = {isa = PBXBuildFile; fileRef = 5F7FF04A1948035C00A48C86 /* babyq_progressbar_bubble.png */; };
		5F7FF0881948053600A48C86 /* LandingPage.storyboard in Resources */ = {isa = PBXBuildFile; fileRef = 5F7FF0871948053600A48C86 /* LandingPage.storyboard */; };
		5F82CAB81957C2FF00B4A33A /* babyq_y_axis.png in Resources */ = {isa = PBXBuildFile; fileRef = 5F82CAB71957C2FF00B4A33A /* babyq_y_axis.png */; };
		5F94EAF1194B67F50077FD1D /* SettingsViewController.m in Sources */ = {isa = PBXBuildFile; fileRef = 5F94EAF0194B67F50077FD1D /* SettingsViewController.m */; };
		5F94EAF4194B6E810077FD1D /* UserSettingsViewController.m in Sources */ = {isa = PBXBuildFile; fileRef = 5F94EAF3194B6E810077FD1D /* UserSettingsViewController.m */; };
		5F94EAF7194B77C40077FD1D /* AboutUsViewController.m in Sources */ = {isa = PBXBuildFile; fileRef = 5F94EAF6194B77C40077FD1D /* AboutUsViewController.m */; };
		5F94EAFA194B78130077FD1D /* LeaveFeedbackViewController.m in Sources */ = {isa = PBXBuildFile; fileRef = 5F94EAF9194B78130077FD1D /* LeaveFeedbackViewController.m */; };
		5F94EAFD194B78580077FD1D /* PrivacyPolicyViewController.m in Sources */ = {isa = PBXBuildFile; fileRef = 5F94EAFC194B78580077FD1D /* PrivacyPolicyViewController.m */; };
		5F94EB00194B78770077FD1D /* TermsOfUseViewController.m in Sources */ = {isa = PBXBuildFile; fileRef = 5F94EAFF194B78770077FD1D /* TermsOfUseViewController.m */; };
		5F95E48F194B9A68000E9F83 /* LandingPageViewController.m in Sources */ = {isa = PBXBuildFile; fileRef = 5F95E48E194B9A68000E9F83 /* LandingPageViewController.m */; };
		5F95E492194B9ADD000E9F83 /* SignInViewController.m in Sources */ = {isa = PBXBuildFile; fileRef = 5F95E491194B9ADD000E9F83 /* SignInViewController.m */; };
		5F95E495194B9AFC000E9F83 /* JoinViewController.m in Sources */ = {isa = PBXBuildFile; fileRef = 5F95E494194B9AFC000E9F83 /* JoinViewController.m */; };
		5FC3D09519479979003D3E94 /* Foundation.framework in Frameworks */ = {isa = PBXBuildFile; fileRef = 5FC3D09419479979003D3E94 /* Foundation.framework */; };
		5FC3D09719479979003D3E94 /* CoreGraphics.framework in Frameworks */ = {isa = PBXBuildFile; fileRef = 5FC3D09619479979003D3E94 /* CoreGraphics.framework */; };
		5FC3D09919479979003D3E94 /* UIKit.framework in Frameworks */ = {isa = PBXBuildFile; fileRef = 5FC3D09819479979003D3E94 /* UIKit.framework */; };
		5FC3D09F19479979003D3E94 /* InfoPlist.strings in Resources */ = {isa = PBXBuildFile; fileRef = 5FC3D09D19479979003D3E94 /* InfoPlist.strings */; };
		5FC3D0A119479979003D3E94 /* main.m in Sources */ = {isa = PBXBuildFile; fileRef = 5FC3D0A019479979003D3E94 /* main.m */; };
		5FC3D0A519479979003D3E94 /* AppDelegate.m in Sources */ = {isa = PBXBuildFile; fileRef = 5FC3D0A419479979003D3E94 /* AppDelegate.m */; };
		5FC3D0AD19479979003D3E94 /* Images.xcassets in Resources */ = {isa = PBXBuildFile; fileRef = 5FC3D0AC19479979003D3E94 /* Images.xcassets */; };
		5FC3D0B419479979003D3E94 /* XCTest.framework in Frameworks */ = {isa = PBXBuildFile; fileRef = 5FC3D0B319479979003D3E94 /* XCTest.framework */; };
		5FC3D0B519479979003D3E94 /* Foundation.framework in Frameworks */ = {isa = PBXBuildFile; fileRef = 5FC3D09419479979003D3E94 /* Foundation.framework */; };
		5FC3D0B619479979003D3E94 /* UIKit.framework in Frameworks */ = {isa = PBXBuildFile; fileRef = 5FC3D09819479979003D3E94 /* UIKit.framework */; };
		5FC3D0BE19479979003D3E94 /* InfoPlist.strings in Resources */ = {isa = PBXBuildFile; fileRef = 5FC3D0BC19479979003D3E94 /* InfoPlist.strings */; };
		5FC3D0C019479979003D3E94 /* babyQTests.m in Sources */ = {isa = PBXBuildFile; fileRef = 5FC3D0BF19479979003D3E94 /* babyQTests.m */; };
		5FC3D14C1947B5E5003D3E94 /* Survey.storyboard in Resources */ = {isa = PBXBuildFile; fileRef = 5FC3D14B1947B5E5003D3E94 /* Survey.storyboard */; };
		5FC3D14E1947CBA3003D3E94 /* HomePage.storyboard in Resources */ = {isa = PBXBuildFile; fileRef = 5FC3D14D1947CBA3003D3E94 /* HomePage.storyboard */; };
		5FD48FE2197F3170005CC61D /* babyq_feedback_tab.png in Resources */ = {isa = PBXBuildFile; fileRef = 5FD48FE1197F3170005CC61D /* babyq_feedback_tab.png */; };
		5FD84C7D194A4F16003A711E /* MyProfileViewController.m in Sources */ = {isa = PBXBuildFile; fileRef = 5FD84C7C194A4F16003A711E /* MyProfileViewController.m */; };
		5FDE03E41950EA1C0009A993 /* Todos.storyboard in Resources */ = {isa = PBXBuildFile; fileRef = 5FDE03E31950EA1C0009A993 /* Todos.storyboard */; };
		5FDE03E71950EF670009A993 /* TodosViewController.m in Sources */ = {isa = PBXBuildFile; fileRef = 5FDE03E61950EF670009A993 /* TodosViewController.m */; };
		5FDE03EA1950F0E00009A993 /* CompletedTodosViewController.m in Sources */ = {isa = PBXBuildFile; fileRef = 5FDE03E91950F0E00009A993 /* CompletedTodosViewController.m */; };
		5FDE03ED1950FBC10009A993 /* TipHistoryViewController.m in Sources */ = {isa = PBXBuildFile; fileRef = 5FDE03EC1950FBC10009A993 /* TipHistoryViewController.m */; };
		5FE6DB9C195D3F4300E31C76 /* babyq_circle_orange_no_fill.png in Resources */ = {isa = PBXBuildFile; fileRef = 5FE6DB9B195D3F4300E31C76 /* babyq_circle_orange_no_fill.png */; };
/* End PBXBuildFile section */

/* Begin PBXContainerItemProxy section */
		5FC3D0B719479979003D3E94 /* PBXContainerItemProxy */ = {
			isa = PBXContainerItemProxy;
			containerPortal = 5FC3D08919479979003D3E94 /* Project object */;
			proxyType = 1;
			remoteGlobalIDString = 5FC3D09019479979003D3E94;
			remoteInfo = babyQ;
		};
/* End PBXContainerItemProxy section */

/* Begin PBXFileReference section */
		1BD59991950F495CB7169FB7 /* Pods.xcconfig */ = {isa = PBXFileReference; includeInIndex = 1; lastKnownFileType = text.xcconfig; name = Pods.xcconfig; path = Pods/Pods.xcconfig; sourceTree = "<group>"; };
		5F0296BD195BFE5B0094F542 /* babyq_next_button.png */ = {isa = PBXFileReference; lastKnownFileType = image.png; path = babyq_next_button.png; sourceTree = "<group>"; };
		5F0296BF195C009F0094F542 /* babyq_survey_x.png */ = {isa = PBXFileReference; lastKnownFileType = image.png; path = babyq_survey_x.png; sourceTree = "<group>"; };
		5F2FD67B196464D700B41E23 /* MyriadPro-Bold.otf */ = {isa = PBXFileReference; lastKnownFileType = file; path = "MyriadPro-Bold.otf"; sourceTree = "<group>"; };
		5F2FD67C1964652600B41E23 /* MyriadPro-Semibold.otf */ = {isa = PBXFileReference; lastKnownFileType = file; path = "MyriadPro-Semibold.otf"; sourceTree = "<group>"; };
		5F2FD6811964CD9200B41E23 /* GetScore.storyboard */ = {isa = PBXFileReference; fileEncoding = 4; lastKnownFileType = file.storyboard; path = GetScore.storyboard; sourceTree = "<group>"; };
		5F2FD6831964D47700B41E23 /* GetScoreViewController.h */ = {isa = PBXFileReference; fileEncoding = 4; lastKnownFileType = sourcecode.c.h; path = GetScoreViewController.h; sourceTree = "<group>"; };
		5F2FD6841964D47700B41E23 /* GetScoreViewController.m */ = {isa = PBXFileReference; fileEncoding = 4; lastKnownFileType = sourcecode.c.objc; path = GetScoreViewController.m; sourceTree = "<group>"; };
		5F3AF6F9194F711400BD04CE /* ScoreProgress.storyboard */ = {isa = PBXFileReference; fileEncoding = 4; lastKnownFileType = file.storyboard; path = ScoreProgress.storyboard; sourceTree = "<group>"; };
		5F3AF6FB194F72A000BD04CE /* ScoreProgressViewController.h */ = {isa = PBXFileReference; fileEncoding = 4; lastKnownFileType = sourcecode.c.h; path = ScoreProgressViewController.h; sourceTree = "<group>"; };
		5F3AF6FC194F72A000BD04CE /* ScoreProgressViewController.m */ = {isa = PBXFileReference; fileEncoding = 4; lastKnownFileType = sourcecode.c.objc; path = ScoreProgressViewController.m; sourceTree = "<group>"; };
		5F3AF6FE194F7C9700BD04CE /* ScoreProgressGraphView.h */ = {isa = PBXFileReference; fileEncoding = 4; lastKnownFileType = sourcecode.c.h; path = ScoreProgressGraphView.h; sourceTree = "<group>"; };
		5F3AF6FF194F7C9700BD04CE /* ScoreProgressGraphView.m */ = {isa = PBXFileReference; fileEncoding = 4; lastKnownFileType = sourcecode.c.objc; path = ScoreProgressGraphView.m; sourceTree = "<group>"; };
		5F3AF701194FCAC200BD04CE /* HowItWorks.storyboard */ = {isa = PBXFileReference; fileEncoding = 4; lastKnownFileType = file.storyboard; path = HowItWorks.storyboard; sourceTree = "<group>"; };
		5F3AF703194FD0E200BD04CE /* babyq_cloud.png */ = {isa = PBXFileReference; lastKnownFileType = image.png; path = babyq_cloud.png; sourceTree = "<group>"; };
		5F3AF705194FD1F500BD04CE /* HowItWorksPageViewController.h */ = {isa = PBXFileReference; fileEncoding = 4; lastKnownFileType = sourcecode.c.h; path = HowItWorksPageViewController.h; sourceTree = "<group>"; };
		5F3AF706194FD1F500BD04CE /* HowItWorksPageViewController.m */ = {isa = PBXFileReference; fileEncoding = 4; lastKnownFileType = sourcecode.c.objc; path = HowItWorksPageViewController.m; sourceTree = "<group>"; };
		5F3AF708194FD38500BD04CE /* HowItWorksContentViewController.h */ = {isa = PBXFileReference; fileEncoding = 4; lastKnownFileType = sourcecode.c.h; path = HowItWorksContentViewController.h; sourceTree = "<group>"; };
		5F3AF709194FD38500BD04CE /* HowItWorksContentViewController.m */ = {isa = PBXFileReference; fileEncoding = 4; lastKnownFileType = sourcecode.c.objc; path = HowItWorksContentViewController.m; sourceTree = "<group>"; };
		5F3D1FFF196F53DE00248D0A /* FacebookSDK.framework */ = {isa = PBXFileReference; lastKnownFileType = wrapper.framework; path = FacebookSDK.framework; sourceTree = "<group>"; };
		5F3FBD7D194A1C8700FB0548 /* SurveyViewController.h */ = {isa = PBXFileReference; fileEncoding = 4; lastKnownFileType = sourcecode.c.h; path = SurveyViewController.h; sourceTree = "<group>"; };
		5F3FBD7E194A1C8700FB0548 /* SurveyViewController.m */ = {isa = PBXFileReference; fileEncoding = 4; lastKnownFileType = sourcecode.c.objc; path = SurveyViewController.m; sourceTree = "<group>"; };
		5F3FBD80194A1E5500FB0548 /* babyq_circle_orange.png */ = {isa = PBXFileReference; lastKnownFileType = image.png; path = babyq_circle_orange.png; sourceTree = "<group>"; };
		5F3FBD81194A1E5500FB0548 /* babyq_circle.png */ = {isa = PBXFileReference; lastKnownFileType = image.png; path = babyq_circle.png; sourceTree = "<group>"; };
		5F3FBD85194A1F5F00FB0548 /* Bebas.ttf */ = {isa = PBXFileReference; lastKnownFileType = file; path = Bebas.ttf; sourceTree = "<group>"; };
		5F3FBD87194A260200FB0548 /* MyriadPro-Regular.otf */ = {isa = PBXFileReference; lastKnownFileType = file; path = "MyriadPro-Regular.otf"; sourceTree = "<group>"; };
		5F3FBD89194A32FB00FB0548 /* MyProfile.storyboard */ = {isa = PBXFileReference; fileEncoding = 4; lastKnownFileType = file.storyboard; path = MyProfile.storyboard; sourceTree = "<group>"; };
		5F3FBD8B194A395A00FB0548 /* Settings.storyboard */ = {isa = PBXFileReference; fileEncoding = 4; lastKnownFileType = file.storyboard; path = Settings.storyboard; sourceTree = "<group>"; };
		5F46197E196D02970014F5F3 /* ForgotPassword.storyboard */ = {isa = PBXFileReference; fileEncoding = 4; lastKnownFileType = file.storyboard; path = ForgotPassword.storyboard; sourceTree = "<group>"; };
		5F461980196D05120014F5F3 /* ForgotPasswordViewController.h */ = {isa = PBXFileReference; fileEncoding = 4; lastKnownFileType = sourcecode.c.h; path = ForgotPasswordViewController.h; sourceTree = "<group>"; };
		5F461981196D05120014F5F3 /* ForgotPasswordViewController.m */ = {isa = PBXFileReference; fileEncoding = 4; lastKnownFileType = sourcecode.c.objc; path = ForgotPasswordViewController.m; sourceTree = "<group>"; };
		5F49D12619526ACF0073BD85 /* Constants.h */ = {isa = PBXFileReference; fileEncoding = 4; lastKnownFileType = sourcecode.c.h; name = Constants.h; path = ../Constants.h; sourceTree = "<group>"; };
		5F49D12719526ACF0073BD85 /* Constants.m */ = {isa = PBXFileReference; fileEncoding = 4; lastKnownFileType = sourcecode.c.objc; name = Constants.m; path = ../Constants.m; sourceTree = "<group>"; };
		5F574FD019491A19006059D2 /* SideSwipeTableViewCell.h */ = {isa = PBXFileReference; fileEncoding = 4; lastKnownFileType = sourcecode.c.h; path = SideSwipeTableViewCell.h; sourceTree = "<group>"; };
		5F574FD119491A19006059D2 /* SideSwipeTableViewCell.m */ = {isa = PBXFileReference; fileEncoding = 4; lastKnownFileType = sourcecode.c.objc; path = SideSwipeTableViewCell.m; sourceTree = "<group>"; };
		5F574FD3194927BC006059D2 /* SideSwipeTableViewController.h */ = {isa = PBXFileReference; fileEncoding = 4; lastKnownFileType = sourcecode.c.h; path = SideSwipeTableViewController.h; sourceTree = "<group>"; };
		5F574FD4194927BC006059D2 /* SideSwipeTableViewController.m */ = {isa = PBXFileReference; fileEncoding = 4; lastKnownFileType = sourcecode.c.objc; path = SideSwipeTableViewController.m; sourceTree = "<group>"; };
		5F68D7FC195E3D1D00C799E7 /* babyq_score_background.png */ = {isa = PBXFileReference; lastKnownFileType = image.png; path = babyq_score_background.png; sourceTree = "<group>"; };
		5F68D7FD195E3D1D00C799E7 /* babyq_slider_horizontal.png */ = {isa = PBXFileReference; lastKnownFileType = image.png; path = babyq_slider_horizontal.png; sourceTree = "<group>"; };
		5F68D7FE195E3D1D00C799E7 /* babyq_slider_vertical.png */ = {isa = PBXFileReference; lastKnownFileType = image.png; path = babyq_slider_vertical.png; sourceTree = "<group>"; };
		5F7B25C81949035F006EDB4D /* CurrentScoreViewController.h */ = {isa = PBXFileReference; fileEncoding = 4; lastKnownFileType = sourcecode.c.h; path = CurrentScoreViewController.h; sourceTree = "<group>"; };
		5F7B25C91949035F006EDB4D /* CurrentScoreViewController.m */ = {isa = PBXFileReference; fileEncoding = 4; lastKnownFileType = sourcecode.c.objc; path = CurrentScoreViewController.m; sourceTree = "<group>"; };
		5F7B25CB194907E6006EDB4D /* HomePageNavigationController.h */ = {isa = PBXFileReference; fileEncoding = 4; lastKnownFileType = sourcecode.c.h; path = HomePageNavigationController.h; sourceTree = "<group>"; };
		5F7B25CC194907E6006EDB4D /* HomePageNavigationController.m */ = {isa = PBXFileReference; fileEncoding = 4; lastKnownFileType = sourcecode.c.objc; path = HomePageNavigationController.m; sourceTree = "<group>"; };
		5F7FF0071948035C00A48C86 /* babyq_dropdown_arrow.png */ = {isa = PBXFileReference; lastKnownFileType = image.png; path = babyq_dropdown_arrow.png; sourceTree = "<group>"; };
		5F7FF0081948035C00A48C86 /* babyq_dropdown_arrow_survey.png */ = {isa = PBXFileReference; lastKnownFileType = image.png; path = babyq_dropdown_arrow_survey.png; sourceTree = "<group>"; };
		5F7FF0091948035C00A48C86 /* babyq_menu_arrow_right.png */ = {isa = PBXFileReference; lastKnownFileType = image.png; path = babyq_menu_arrow_right.png; sourceTree = "<group>"; };
		5F7FF00A1948035C00A48C86 /* babyq_orange_arrow_down.png */ = {isa = PBXFileReference; lastKnownFileType = image.png; path = babyq_orange_arrow_down.png; sourceTree = "<group>"; };
		5F7FF00B1948035C00A48C86 /* babyq_orange_arrow_right.png */ = {isa = PBXFileReference; lastKnownFileType = image.png; path = babyq_orange_arrow_right.png; sourceTree = "<group>"; };
		5F7FF00C1948035C00A48C86 /* babyq_orange_arrow_thin_right.png */ = {isa = PBXFileReference; lastKnownFileType = image.png; path = babyq_orange_arrow_thin_right.png; sourceTree = "<group>"; };
		5F7FF00E1948035C00A48C86 /* babyq_feedback_avatar.png */ = {isa = PBXFileReference; lastKnownFileType = image.png; path = babyq_feedback_avatar.png; sourceTree = "<group>"; };
		5F7FF00F1948035C00A48C86 /* babyq_join_avatar.png */ = {isa = PBXFileReference; lastKnownFileType = image.png; path = babyq_join_avatar.png; sourceTree = "<group>"; };
		5F7FF0111948035C00A48C86 /* babyq_currentscore_total_background.png */ = {isa = PBXFileReference; lastKnownFileType = image.png; path = babyq_currentscore_total_background.png; sourceTree = "<group>"; };
		5F7FF0121948035C00A48C86 /* babyq_green_background.png */ = {isa = PBXFileReference; lastKnownFileType = image.png; path = babyq_green_background.png; sourceTree = "<group>"; };
		5F7FF0131948035C00A48C86 /* babyq_light_grid_background.png */ = {isa = PBXFileReference; lastKnownFileType = image.png; path = babyq_light_grid_background.png; sourceTree = "<group>"; };
		5F7FF0151948035C00A48C86 /* baby_q_signinjoin_button.png */ = {isa = PBXFileReference; lastKnownFileType = image.png; path = baby_q_signinjoin_button.png; sourceTree = "<group>"; };
		5F7FF0161948035C00A48C86 /* babyq_blog_button.png */ = {isa = PBXFileReference; lastKnownFileType = image.png; path = babyq_blog_button.png; sourceTree = "<group>"; };
		5F7FF0171948035C00A48C86 /* babyq_completed_to-do_buttons.png */ = {isa = PBXFileReference; lastKnownFileType = image.png; path = "babyq_completed_to-do_buttons.png"; sourceTree = "<group>"; };
		5F7FF0181948035C00A48C86 /* babyq_get_started_button.png */ = {isa = PBXFileReference; lastKnownFileType = image.png; path = babyq_get_started_button.png; sourceTree = "<group>"; };
		5F7FF0191948035C00A48C86 /* babyq_get_your_score_button.png */ = {isa = PBXFileReference; lastKnownFileType = image.png; path = babyq_get_your_score_button.png; sourceTree = "<group>"; };
		5F7FF01A1948035C00A48C86 /* babyq_join_button.png */ = {isa = PBXFileReference; lastKnownFileType = image.png; path = babyq_join_button.png; sourceTree = "<group>"; };
		5F7FF01B1948035C00A48C86 /* babyq_login_facebook_button.png */ = {isa = PBXFileReference; lastKnownFileType = image.png; path = babyq_login_facebook_button.png; sourceTree = "<group>"; };
		5F7FF01D1948035C00A48C86 /* babyq_save_button.png */ = {isa = PBXFileReference; lastKnownFileType = image.png; path = babyq_save_button.png; sourceTree = "<group>"; };
		5F7FF01E1948035C00A48C86 /* babyq_signin_button.png */ = {isa = PBXFileReference; lastKnownFileType = image.png; path = babyq_signin_button.png; sourceTree = "<group>"; };
		5F7FF01F1948035C00A48C86 /* babyq_signin_orange_button.png */ = {isa = PBXFileReference; lastKnownFileType = image.png; path = babyq_signin_orange_button.png; sourceTree = "<group>"; };
		5F7FF0201948035C00A48C86 /* babyq_signout_button.png */ = {isa = PBXFileReference; lastKnownFileType = image.png; path = babyq_signout_button.png; sourceTree = "<group>"; };
		5F7FF0211948035C00A48C86 /* babyq_update_your_score_button.png */ = {isa = PBXFileReference; lastKnownFileType = image.png; path = babyq_update_your_score_button.png; sourceTree = "<group>"; };
		5F7FF0221948035C00A48C86 /* babyq_view_progress_button.png */ = {isa = PBXFileReference; lastKnownFileType = image.png; path = babyq_view_progress_button.png; sourceTree = "<group>"; };
		5F7FF0231948035C00A48C86 /* babyq_website_button.png */ = {isa = PBXFileReference; lastKnownFileType = image.png; path = babyq_website_button.png; sourceTree = "<group>"; };
		5F7FF0251948035C00A48C86 /* babyq_dots_divider.png */ = {isa = PBXFileReference; lastKnownFileType = image.png; path = babyq_dots_divider.png; sourceTree = "<group>"; };
		5F7FF0261948035C00A48C86 /* babyq_popup_divider.png */ = {isa = PBXFileReference; lastKnownFileType = image.png; path = babyq_popup_divider.png; sourceTree = "<group>"; };
		5F7FF0281948035C00A48C86 /* babyq_completed_to-do_header */ = {isa = PBXFileReference; lastKnownFileType = file; path = "babyq_completed_to-do_header"; sourceTree = "<group>"; };
		5F7FF0291948035C00A48C86 /* babyq_currentscore_header.png */ = {isa = PBXFileReference; lastKnownFileType = image.png; path = babyq_currentscore_header.png; sourceTree = "<group>"; };
		5F7FF02A1948035C00A48C86 /* babyq_forgotpassword.png */ = {isa = PBXFileReference; lastKnownFileType = image.png; path = babyq_forgotpassword.png; sourceTree = "<group>"; };
		5F7FF02B1948035C00A48C86 /* babyq_get_your_babyq_score_header.png */ = {isa = PBXFileReference; lastKnownFileType = image.png; path = babyq_get_your_babyq_score_header.png; sourceTree = "<group>"; };
		5F7FF02C1948035C00A48C86 /* babyq_header_back_arrow.png */ = {isa = PBXFileReference; lastKnownFileType = image.png; path = babyq_header_back_arrow.png; sourceTree = "<group>"; };
		5F7FF02D1948035C00A48C86 /* babyq_instructions_header.png */ = {isa = PBXFileReference; lastKnownFileType = image.png; path = babyq_instructions_header.png; sourceTree = "<group>"; };
		5F7FF02E1948035C00A48C86 /* babyq_survey_complete_header.png */ = {isa = PBXFileReference; lastKnownFileType = image.png; path = babyq_survey_complete_header.png; sourceTree = "<group>"; };
		5F7FF02F1948035C00A48C86 /* babyq_take_the_survey_header.png */ = {isa = PBXFileReference; lastKnownFileType = image.png; path = babyq_take_the_survey_header.png; sourceTree = "<group>"; };
		5F7FF0301948035C00A48C86 /* babyq_to-do_completed_header.png */ = {isa = PBXFileReference; lastKnownFileType = image.png; path = "babyq_to-do_completed_header.png"; sourceTree = "<group>"; };
		5F7FF0311948035C00A48C86 /* babyq_tutorials_header.png */ = {isa = PBXFileReference; lastKnownFileType = image.png; path = babyq_tutorials_header.png; sourceTree = "<group>"; };
		5F7FF0321948035C00A48C86 /* babyq_update_babyq_score_header.png */ = {isa = PBXFileReference; lastKnownFileType = image.png; path = babyq_update_babyq_score_header.png; sourceTree = "<group>"; };
		5F7FF0341948035C00A48C86 /* babyq_camera_icon.png */ = {isa = PBXFileReference; lastKnownFileType = image.png; path = babyq_camera_icon.png; sourceTree = "<group>"; };
		5F7FF0351948035C00A48C86 /* babyq_check_box.png */ = {isa = PBXFileReference; lastKnownFileType = image.png; path = babyq_check_box.png; sourceTree = "<group>"; };
		5F7FF0361948035C00A48C86 /* babyq_check_mark.png */ = {isa = PBXFileReference; lastKnownFileType = image.png; path = babyq_check_mark.png; sourceTree = "<group>"; };
		5F7FF0371948035C00A48C86 /* babyq_dailytip_icon.png */ = {isa = PBXFileReference; lastKnownFileType = image.png; path = babyq_dailytip_icon.png; sourceTree = "<group>"; };
		5F7FF0381948035C00A48C86 /* babyq_edit_icon.png */ = {isa = PBXFileReference; lastKnownFileType = image.png; path = babyq_edit_icon.png; sourceTree = "<group>"; };
		5F7FF0391948035C00A48C86 /* babyq_facebook_icon.png */ = {isa = PBXFileReference; lastKnownFileType = image.png; path = babyq_facebook_icon.png; sourceTree = "<group>"; };
		5F7FF03A1948035C00A48C86 /* babyq_menu_currentscore_icon.png */ = {isa = PBXFileReference; lastKnownFileType = image.png; name = babyq_menu_currentscore_icon.png; path = babyQ/Slices/Icons/babyq_menu_currentscore_icon.png; sourceTree = SOURCE_ROOT; };
		5F7FF03B1948035C00A48C86 /* babyq_menu_how-to_icon.png */ = {isa = PBXFileReference; lastKnownFileType = image.png; path = "babyq_menu_how-to_icon.png"; sourceTree = "<group>"; };
		5F7FF03C1948035C00A48C86 /* babyq_menu_icon.png */ = {isa = PBXFileReference; lastKnownFileType = image.png; path = babyq_menu_icon.png; sourceTree = "<group>"; };
		5F7FF03D1948035C00A48C86 /* babyq_menu_my_profile_icon.png */ = {isa = PBXFileReference; lastKnownFileType = image.png; path = babyq_menu_my_profile_icon.png; sourceTree = "<group>"; };
		5F7FF03E1948035C00A48C86 /* babyq_menu_score_progress_icon.png */ = {isa = PBXFileReference; lastKnownFileType = image.png; path = babyq_menu_score_progress_icon.png; sourceTree = "<group>"; };
		5F7FF03F1948035C00A48C86 /* babyq_menu_settigns_icon.png */ = {isa = PBXFileReference; lastKnownFileType = image.png; path = babyq_menu_settigns_icon.png; sourceTree = "<group>"; };
		5F7FF0401948035C00A48C86 /* babyq_menu_to-dos_icon.png */ = {isa = PBXFileReference; lastKnownFileType = image.png; path = "babyq_menu_to-dos_icon.png"; sourceTree = "<group>"; };
		5F7FF0411948035C00A48C86 /* babyq_progress_slider.png */ = {isa = PBXFileReference; lastKnownFileType = image.png; path = babyq_progress_slider.png; sourceTree = "<group>"; };
		5F7FF0421948035C00A48C86 /* babyq_signin_questionmark.png */ = {isa = PBXFileReference; lastKnownFileType = image.png; path = babyq_signin_questionmark.png; sourceTree = "<group>"; };
		5F7FF0431948035C00A48C86 /* babyq_survey_icon.png */ = {isa = PBXFileReference; lastKnownFileType = image.png; path = babyq_survey_icon.png; sourceTree = "<group>"; };
		5F7FF0441948035C00A48C86 /* babyq_take_survey_X.png */ = {isa = PBXFileReference; lastKnownFileType = image.png; path = babyq_take_survey_X.png; sourceTree = "<group>"; };
		5F7FF0451948035C00A48C86 /* babyq_twitter_icon.png */ = {isa = PBXFileReference; lastKnownFileType = image.png; path = babyq_twitter_icon.png; sourceTree = "<group>"; };
		5F7FF0471948035C00A48C86 /* babyq_logo.png */ = {isa = PBXFileReference; lastKnownFileType = image.png; path = babyq_logo.png; sourceTree = "<group>"; };
		5F7FF0491948035C00A48C86 /* babyq_popover.png */ = {isa = PBXFileReference; lastKnownFileType = image.png; path = babyq_popover.png; sourceTree = "<group>"; };
		5F7FF04A1948035C00A48C86 /* babyq_progressbar_bubble.png */ = {isa = PBXFileReference; lastKnownFileType = image.png; path = babyq_progressbar_bubble.png; sourceTree = "<group>"; };
		5F7FF0871948053600A48C86 /* LandingPage.storyboard */ = {isa = PBXFileReference; fileEncoding = 4; lastKnownFileType = file.storyboard; path = LandingPage.storyboard; sourceTree = "<group>"; };
		5F82CAB71957C2FF00B4A33A /* babyq_y_axis.png */ = {isa = PBXFileReference; lastKnownFileType = image.png; path = babyq_y_axis.png; sourceTree = "<group>"; };
		5F94EAEF194B67F50077FD1D /* SettingsViewController.h */ = {isa = PBXFileReference; fileEncoding = 4; lastKnownFileType = sourcecode.c.h; path = SettingsViewController.h; sourceTree = "<group>"; };
		5F94EAF0194B67F50077FD1D /* SettingsViewController.m */ = {isa = PBXFileReference; fileEncoding = 4; lastKnownFileType = sourcecode.c.objc; path = SettingsViewController.m; sourceTree = "<group>"; };
		5F94EAF2194B6E810077FD1D /* UserSettingsViewController.h */ = {isa = PBXFileReference; fileEncoding = 4; lastKnownFileType = sourcecode.c.h; path = UserSettingsViewController.h; sourceTree = "<group>"; };
		5F94EAF3194B6E810077FD1D /* UserSettingsViewController.m */ = {isa = PBXFileReference; fileEncoding = 4; lastKnownFileType = sourcecode.c.objc; path = UserSettingsViewController.m; sourceTree = "<group>"; };
		5F94EAF5194B77C40077FD1D /* AboutUsViewController.h */ = {isa = PBXFileReference; fileEncoding = 4; lastKnownFileType = sourcecode.c.h; path = AboutUsViewController.h; sourceTree = "<group>"; };
		5F94EAF6194B77C40077FD1D /* AboutUsViewController.m */ = {isa = PBXFileReference; fileEncoding = 4; lastKnownFileType = sourcecode.c.objc; path = AboutUsViewController.m; sourceTree = "<group>"; };
		5F94EAF8194B78130077FD1D /* LeaveFeedbackViewController.h */ = {isa = PBXFileReference; fileEncoding = 4; lastKnownFileType = sourcecode.c.h; path = LeaveFeedbackViewController.h; sourceTree = "<group>"; };
		5F94EAF9194B78130077FD1D /* LeaveFeedbackViewController.m */ = {isa = PBXFileReference; fileEncoding = 4; lastKnownFileType = sourcecode.c.objc; path = LeaveFeedbackViewController.m; sourceTree = "<group>"; };
		5F94EAFB194B78580077FD1D /* PrivacyPolicyViewController.h */ = {isa = PBXFileReference; fileEncoding = 4; lastKnownFileType = sourcecode.c.h; path = PrivacyPolicyViewController.h; sourceTree = "<group>"; };
		5F94EAFC194B78580077FD1D /* PrivacyPolicyViewController.m */ = {isa = PBXFileReference; fileEncoding = 4; lastKnownFileType = sourcecode.c.objc; path = PrivacyPolicyViewController.m; sourceTree = "<group>"; };
		5F94EAFE194B78770077FD1D /* TermsOfUseViewController.h */ = {isa = PBXFileReference; fileEncoding = 4; lastKnownFileType = sourcecode.c.h; path = TermsOfUseViewController.h; sourceTree = "<group>"; };
		5F94EAFF194B78770077FD1D /* TermsOfUseViewController.m */ = {isa = PBXFileReference; fileEncoding = 4; lastKnownFileType = sourcecode.c.objc; path = TermsOfUseViewController.m; sourceTree = "<group>"; };
		5F95E48D194B9A68000E9F83 /* LandingPageViewController.h */ = {isa = PBXFileReference; fileEncoding = 4; lastKnownFileType = sourcecode.c.h; path = LandingPageViewController.h; sourceTree = "<group>"; };
		5F95E48E194B9A68000E9F83 /* LandingPageViewController.m */ = {isa = PBXFileReference; fileEncoding = 4; lastKnownFileType = sourcecode.c.objc; path = LandingPageViewController.m; sourceTree = "<group>"; };
		5F95E490194B9ADD000E9F83 /* SignInViewController.h */ = {isa = PBXFileReference; fileEncoding = 4; lastKnownFileType = sourcecode.c.h; path = SignInViewController.h; sourceTree = "<group>"; };
		5F95E491194B9ADD000E9F83 /* SignInViewController.m */ = {isa = PBXFileReference; fileEncoding = 4; lastKnownFileType = sourcecode.c.objc; path = SignInViewController.m; sourceTree = "<group>"; };
		5F95E493194B9AFC000E9F83 /* JoinViewController.h */ = {isa = PBXFileReference; fileEncoding = 4; lastKnownFileType = sourcecode.c.h; path = JoinViewController.h; sourceTree = "<group>"; };
		5F95E494194B9AFC000E9F83 /* JoinViewController.m */ = {isa = PBXFileReference; fileEncoding = 4; lastKnownFileType = sourcecode.c.objc; path = JoinViewController.m; sourceTree = "<group>"; };
		5FC3D09119479979003D3E94 /* babyQ.app */ = {isa = PBXFileReference; explicitFileType = wrapper.application; includeInIndex = 0; path = babyQ.app; sourceTree = BUILT_PRODUCTS_DIR; };
		5FC3D09419479979003D3E94 /* Foundation.framework */ = {isa = PBXFileReference; lastKnownFileType = wrapper.framework; name = Foundation.framework; path = System/Library/Frameworks/Foundation.framework; sourceTree = SDKROOT; };
		5FC3D09619479979003D3E94 /* CoreGraphics.framework */ = {isa = PBXFileReference; lastKnownFileType = wrapper.framework; name = CoreGraphics.framework; path = System/Library/Frameworks/CoreGraphics.framework; sourceTree = SDKROOT; };
		5FC3D09819479979003D3E94 /* UIKit.framework */ = {isa = PBXFileReference; lastKnownFileType = wrapper.framework; name = UIKit.framework; path = System/Library/Frameworks/UIKit.framework; sourceTree = SDKROOT; };
		5FC3D09C19479979003D3E94 /* babyQ-Info.plist */ = {isa = PBXFileReference; lastKnownFileType = text.plist.xml; path = "babyQ-Info.plist"; sourceTree = "<group>"; };
		5FC3D09E19479979003D3E94 /* en */ = {isa = PBXFileReference; lastKnownFileType = text.plist.strings; name = en; path = en.lproj/InfoPlist.strings; sourceTree = "<group>"; };
		5FC3D0A019479979003D3E94 /* main.m */ = {isa = PBXFileReference; lastKnownFileType = sourcecode.c.objc; path = main.m; sourceTree = "<group>"; };
		5FC3D0A219479979003D3E94 /* babyQ-Prefix.pch */ = {isa = PBXFileReference; lastKnownFileType = sourcecode.c.h; path = "babyQ-Prefix.pch"; sourceTree = "<group>"; };
		5FC3D0A319479979003D3E94 /* AppDelegate.h */ = {isa = PBXFileReference; lastKnownFileType = sourcecode.c.h; path = AppDelegate.h; sourceTree = "<group>"; };
		5FC3D0A419479979003D3E94 /* AppDelegate.m */ = {isa = PBXFileReference; lastKnownFileType = sourcecode.c.objc; path = AppDelegate.m; sourceTree = "<group>"; };
		5FC3D0AC19479979003D3E94 /* Images.xcassets */ = {isa = PBXFileReference; lastKnownFileType = folder.assetcatalog; path = Images.xcassets; sourceTree = "<group>"; };
		5FC3D0B219479979003D3E94 /* babyQTests.xctest */ = {isa = PBXFileReference; explicitFileType = wrapper.cfbundle; includeInIndex = 0; path = babyQTests.xctest; sourceTree = BUILT_PRODUCTS_DIR; };
		5FC3D0B319479979003D3E94 /* XCTest.framework */ = {isa = PBXFileReference; lastKnownFileType = wrapper.framework; name = XCTest.framework; path = Library/Frameworks/XCTest.framework; sourceTree = DEVELOPER_DIR; };
		5FC3D0BB19479979003D3E94 /* babyQTests-Info.plist */ = {isa = PBXFileReference; lastKnownFileType = text.plist.xml; path = "babyQTests-Info.plist"; sourceTree = "<group>"; };
		5FC3D0BD19479979003D3E94 /* en */ = {isa = PBXFileReference; lastKnownFileType = text.plist.strings; name = en; path = en.lproj/InfoPlist.strings; sourceTree = "<group>"; };
		5FC3D0BF19479979003D3E94 /* babyQTests.m */ = {isa = PBXFileReference; lastKnownFileType = sourcecode.c.objc; path = babyQTests.m; sourceTree = "<group>"; };
		5FC3D14B1947B5E5003D3E94 /* Survey.storyboard */ = {isa = PBXFileReference; fileEncoding = 4; lastKnownFileType = file.storyboard; path = Survey.storyboard; sourceTree = "<group>"; };
		5FC3D14D1947CBA3003D3E94 /* HomePage.storyboard */ = {isa = PBXFileReference; fileEncoding = 4; lastKnownFileType = file.storyboard; path = HomePage.storyboard; sourceTree = "<group>"; };
		5FD48FE1197F3170005CC61D /* babyq_feedback_tab.png */ = {isa = PBXFileReference; lastKnownFileType = image.png; path = babyq_feedback_tab.png; sourceTree = "<group>"; };
		5FD84C7B194A4F16003A711E /* MyProfileViewController.h */ = {isa = PBXFileReference; fileEncoding = 4; lastKnownFileType = sourcecode.c.h; path = MyProfileViewController.h; sourceTree = "<group>"; };
		5FD84C7C194A4F16003A711E /* MyProfileViewController.m */ = {isa = PBXFileReference; fileEncoding = 4; lastKnownFileType = sourcecode.c.objc; path = MyProfileViewController.m; sourceTree = "<group>"; };
		5FDE03E31950EA1C0009A993 /* Todos.storyboard */ = {isa = PBXFileReference; fileEncoding = 4; lastKnownFileType = file.storyboard; path = Todos.storyboard; sourceTree = "<group>"; };
		5FDE03E51950EF670009A993 /* TodosViewController.h */ = {isa = PBXFileReference; fileEncoding = 4; lastKnownFileType = sourcecode.c.h; path = TodosViewController.h; sourceTree = "<group>"; };
		5FDE03E61950EF670009A993 /* TodosViewController.m */ = {isa = PBXFileReference; fileEncoding = 4; lastKnownFileType = sourcecode.c.objc; path = TodosViewController.m; sourceTree = "<group>"; };
		5FDE03E81950F0E00009A993 /* CompletedTodosViewController.h */ = {isa = PBXFileReference; fileEncoding = 4; lastKnownFileType = sourcecode.c.h; path = CompletedTodosViewController.h; sourceTree = "<group>"; };
		5FDE03E91950F0E00009A993 /* CompletedTodosViewController.m */ = {isa = PBXFileReference; fileEncoding = 4; lastKnownFileType = sourcecode.c.objc; path = CompletedTodosViewController.m; sourceTree = "<group>"; };
		5FDE03EB1950FBC10009A993 /* TipHistoryViewController.h */ = {isa = PBXFileReference; fileEncoding = 4; lastKnownFileType = sourcecode.c.h; path = TipHistoryViewController.h; sourceTree = "<group>"; };
		5FDE03EC1950FBC10009A993 /* TipHistoryViewController.m */ = {isa = PBXFileReference; fileEncoding = 4; lastKnownFileType = sourcecode.c.objc; path = TipHistoryViewController.m; sourceTree = "<group>"; };
		5FE6DB9B195D3F4300E31C76 /* babyq_circle_orange_no_fill.png */ = {isa = PBXFileReference; lastKnownFileType = image.png; path = babyq_circle_orange_no_fill.png; sourceTree = "<group>"; };
		E89BC0EF117C4B498CA04172 /* libPods.a */ = {isa = PBXFileReference; explicitFileType = archive.ar; includeInIndex = 0; path = libPods.a; sourceTree = BUILT_PRODUCTS_DIR; };
/* End PBXFileReference section */

/* Begin PBXFrameworksBuildPhase section */
		5FC3D08E19479979003D3E94 /* Frameworks */ = {
			isa = PBXFrameworksBuildPhase;
			buildActionMask = 2147483647;
			files = (
				5FC3D09719479979003D3E94 /* CoreGraphics.framework in Frameworks */,
				5F3D2000196F53DE00248D0A /* FacebookSDK.framework in Frameworks */,
				5FC3D09919479979003D3E94 /* UIKit.framework in Frameworks */,
				5FC3D09519479979003D3E94 /* Foundation.framework in Frameworks */,
				54AA2A5E92184F65AEDCA9BF /* libPods.a in Frameworks */,
			);
			runOnlyForDeploymentPostprocessing = 0;
		};
		5FC3D0AF19479979003D3E94 /* Frameworks */ = {
			isa = PBXFrameworksBuildPhase;
			buildActionMask = 2147483647;
			files = (
				5FC3D0B419479979003D3E94 /* XCTest.framework in Frameworks */,
				5FC3D0B619479979003D3E94 /* UIKit.framework in Frameworks */,
				5FC3D0B519479979003D3E94 /* Foundation.framework in Frameworks */,
			);
			runOnlyForDeploymentPostprocessing = 0;
		};
/* End PBXFrameworksBuildPhase section */

/* Begin PBXGroup section */
		5F3FBD84194A1F5000FB0548 /* Fonts */ = {
			isa = PBXGroup;
			children = (
				5F2FD67C1964652600B41E23 /* MyriadPro-Semibold.otf */,
				5F2FD67B196464D700B41E23 /* MyriadPro-Bold.otf */,
				5F3FBD87194A260200FB0548 /* MyriadPro-Regular.otf */,
				5F3FBD85194A1F5F00FB0548 /* Bebas.ttf */,
			);
			name = Fonts;
			sourceTree = "<group>";
		};
		5F7FF0051948035C00A48C86 /* Slices */ = {
			isa = PBXGroup;
			children = (
				5F7FF0061948035C00A48C86 /* Arrows */,
				5F7FF00D1948035C00A48C86 /* Avatars */,
				5F7FF0101948035C00A48C86 /* Backgrounds */,
				5F7FF0141948035C00A48C86 /* Buttons */,
				5F7FF0241948035C00A48C86 /* Dividers */,
				5F7FF0271948035C00A48C86 /* Headers */,
				5F7FF0331948035C00A48C86 /* Icons */,
				5F7FF0461948035C00A48C86 /* Logo */,
				5F7FF0481948035C00A48C86 /* Pop Overs */,
			);
			name = Slices;
			path = babyQ/Slices;
			sourceTree = SOURCE_ROOT;
		};
		5F7FF0061948035C00A48C86 /* Arrows */ = {
			isa = PBXGroup;
			children = (
				5F7FF0071948035C00A48C86 /* babyq_dropdown_arrow.png */,
				5F7FF0081948035C00A48C86 /* babyq_dropdown_arrow_survey.png */,
				5F7FF0091948035C00A48C86 /* babyq_menu_arrow_right.png */,
				5F7FF00A1948035C00A48C86 /* babyq_orange_arrow_down.png */,
				5F7FF00B1948035C00A48C86 /* babyq_orange_arrow_right.png */,
				5F7FF00C1948035C00A48C86 /* babyq_orange_arrow_thin_right.png */,
			);
			path = Arrows;
			sourceTree = "<group>";
		};
		5F7FF00D1948035C00A48C86 /* Avatars */ = {
			isa = PBXGroup;
			children = (
				5F3AF703194FD0E200BD04CE /* babyq_cloud.png */,
				5F7FF00E1948035C00A48C86 /* babyq_feedback_avatar.png */,
				5F7FF00F1948035C00A48C86 /* babyq_join_avatar.png */,
			);
			path = Avatars;
			sourceTree = "<group>";
		};
		5F7FF0101948035C00A48C86 /* Backgrounds */ = {
			isa = PBXGroup;
			children = (
				5FD48FE1197F3170005CC61D /* babyq_feedback_tab.png */,
				5F68D7FC195E3D1D00C799E7 /* babyq_score_background.png */,
				5F68D7FD195E3D1D00C799E7 /* babyq_slider_horizontal.png */,
				5F68D7FE195E3D1D00C799E7 /* babyq_slider_vertical.png */,
				5F82CAB71957C2FF00B4A33A /* babyq_y_axis.png */,
				5F7FF0111948035C00A48C86 /* babyq_currentscore_total_background.png */,
				5F7FF0121948035C00A48C86 /* babyq_green_background.png */,
				5F7FF0131948035C00A48C86 /* babyq_light_grid_background.png */,
			);
			path = Backgrounds;
			sourceTree = "<group>";
		};
		5F7FF0141948035C00A48C86 /* Buttons */ = {
			isa = PBXGroup;
			children = (
				5F0296BD195BFE5B0094F542 /* babyq_next_button.png */,
				5F7FF0151948035C00A48C86 /* baby_q_signinjoin_button.png */,
				5F7FF0161948035C00A48C86 /* babyq_blog_button.png */,
				5F7FF0171948035C00A48C86 /* babyq_completed_to-do_buttons.png */,
				5F7FF0181948035C00A48C86 /* babyq_get_started_button.png */,
				5F7FF0191948035C00A48C86 /* babyq_get_your_score_button.png */,
				5F7FF01A1948035C00A48C86 /* babyq_join_button.png */,
				5F7FF01B1948035C00A48C86 /* babyq_login_facebook_button.png */,
				5F7FF01D1948035C00A48C86 /* babyq_save_button.png */,
				5F7FF01E1948035C00A48C86 /* babyq_signin_button.png */,
				5F7FF01F1948035C00A48C86 /* babyq_signin_orange_button.png */,
				5F7FF0201948035C00A48C86 /* babyq_signout_button.png */,
				5F7FF0211948035C00A48C86 /* babyq_update_your_score_button.png */,
				5F7FF0221948035C00A48C86 /* babyq_view_progress_button.png */,
				5F7FF0231948035C00A48C86 /* babyq_website_button.png */,
			);
			path = Buttons;
			sourceTree = "<group>";
		};
		5F7FF0241948035C00A48C86 /* Dividers */ = {
			isa = PBXGroup;
			children = (
				5F7FF0251948035C00A48C86 /* babyq_dots_divider.png */,
				5F7FF0261948035C00A48C86 /* babyq_popup_divider.png */,
			);
			path = Dividers;
			sourceTree = "<group>";
		};
		5F7FF0271948035C00A48C86 /* Headers */ = {
			isa = PBXGroup;
			children = (
				5F7FF0281948035C00A48C86 /* babyq_completed_to-do_header */,
				5F7FF0291948035C00A48C86 /* babyq_currentscore_header.png */,
				5F7FF02A1948035C00A48C86 /* babyq_forgotpassword.png */,
				5F7FF02B1948035C00A48C86 /* babyq_get_your_babyq_score_header.png */,
				5F7FF02C1948035C00A48C86 /* babyq_header_back_arrow.png */,
				5F7FF02D1948035C00A48C86 /* babyq_instructions_header.png */,
				5F7FF02E1948035C00A48C86 /* babyq_survey_complete_header.png */,
				5F7FF02F1948035C00A48C86 /* babyq_take_the_survey_header.png */,
				5F7FF0301948035C00A48C86 /* babyq_to-do_completed_header.png */,
				5F7FF0311948035C00A48C86 /* babyq_tutorials_header.png */,
				5F7FF0321948035C00A48C86 /* babyq_update_babyq_score_header.png */,
			);
			path = Headers;
			sourceTree = "<group>";
		};
		5F7FF0331948035C00A48C86 /* Icons */ = {
			isa = PBXGroup;
			children = (
				5F3FBD80194A1E5500FB0548 /* babyq_circle_orange.png */,
				5F0296BF195C009F0094F542 /* babyq_survey_x.png */,
				5F3FBD81194A1E5500FB0548 /* babyq_circle.png */,
				5FE6DB9B195D3F4300E31C76 /* babyq_circle_orange_no_fill.png */,
				5F7FF0341948035C00A48C86 /* babyq_camera_icon.png */,
				5F7FF0351948035C00A48C86 /* babyq_check_box.png */,
				5F7FF0361948035C00A48C86 /* babyq_check_mark.png */,
				5F7FF0371948035C00A48C86 /* babyq_dailytip_icon.png */,
				5F7FF0381948035C00A48C86 /* babyq_edit_icon.png */,
				5F7FF0391948035C00A48C86 /* babyq_facebook_icon.png */,
				5F7FF03A1948035C00A48C86 /* babyq_menu_currentscore_icon.png */,
				5F7FF03B1948035C00A48C86 /* babyq_menu_how-to_icon.png */,
				5F7FF03C1948035C00A48C86 /* babyq_menu_icon.png */,
				5F7FF03D1948035C00A48C86 /* babyq_menu_my_profile_icon.png */,
				5F7FF03E1948035C00A48C86 /* babyq_menu_score_progress_icon.png */,
				5F7FF03F1948035C00A48C86 /* babyq_menu_settigns_icon.png */,
				5F7FF0401948035C00A48C86 /* babyq_menu_to-dos_icon.png */,
				5F7FF0411948035C00A48C86 /* babyq_progress_slider.png */,
				5F7FF0421948035C00A48C86 /* babyq_signin_questionmark.png */,
				5F7FF0431948035C00A48C86 /* babyq_survey_icon.png */,
				5F7FF0441948035C00A48C86 /* babyq_take_survey_X.png */,
				5F7FF0451948035C00A48C86 /* babyq_twitter_icon.png */,
			);
			path = Icons;
			sourceTree = "<group>";
		};
		5F7FF0461948035C00A48C86 /* Logo */ = {
			isa = PBXGroup;
			children = (
				5F7FF0471948035C00A48C86 /* babyq_logo.png */,
			);
			path = Logo;
			sourceTree = "<group>";
		};
		5F7FF0481948035C00A48C86 /* Pop Overs */ = {
			isa = PBXGroup;
			children = (
				5F7FF0491948035C00A48C86 /* babyq_popover.png */,
				5F7FF04A1948035C00A48C86 /* babyq_progressbar_bubble.png */,
			);
			path = "Pop Overs";
			sourceTree = "<group>";
		};
		5FC3D08819479979003D3E94 = {
			isa = PBXGroup;
			children = (
				5FC3D09A19479979003D3E94 /* babyQ */,
				5FC3D0B919479979003D3E94 /* babyQTests */,
				5FC3D09319479979003D3E94 /* Frameworks */,
				5FC3D09219479979003D3E94 /* Products */,
				1BD59991950F495CB7169FB7 /* Pods.xcconfig */,
			);
			sourceTree = "<group>";
		};
		5FC3D09219479979003D3E94 /* Products */ = {
			isa = PBXGroup;
			children = (
				5FC3D09119479979003D3E94 /* babyQ.app */,
				5FC3D0B219479979003D3E94 /* babyQTests.xctest */,
			);
			name = Products;
			sourceTree = "<group>";
		};
		5FC3D09319479979003D3E94 /* Frameworks */ = {
			isa = PBXGroup;
			children = (
				5F3D1FFF196F53DE00248D0A /* FacebookSDK.framework */,
				5FC3D09419479979003D3E94 /* Foundation.framework */,
				5FC3D09619479979003D3E94 /* CoreGraphics.framework */,
				5FC3D09819479979003D3E94 /* UIKit.framework */,
				5FC3D0B319479979003D3E94 /* XCTest.framework */,
				E89BC0EF117C4B498CA04172 /* libPods.a */,
			);
			name = Frameworks;
			sourceTree = "<group>";
		};
		5FC3D09A19479979003D3E94 /* babyQ */ = {
			isa = PBXGroup;
			children = (
				5F3FBD84194A1F5000FB0548 /* Fonts */,
				5F7FF0051948035C00A48C86 /* Slices */,
				5FC3D0A319479979003D3E94 /* AppDelegate.h */,
				5FC3D0A419479979003D3E94 /* AppDelegate.m */,
				5F49D12619526ACF0073BD85 /* Constants.h */,
				5F49D12719526ACF0073BD85 /* Constants.m */,
				5F95E48D194B9A68000E9F83 /* LandingPageViewController.h */,
				5F95E48E194B9A68000E9F83 /* LandingPageViewController.m */,
				5F95E490194B9ADD000E9F83 /* SignInViewController.h */,
				5F95E491194B9ADD000E9F83 /* SignInViewController.m */,
				5F95E493194B9AFC000E9F83 /* JoinViewController.h */,
				5F95E494194B9AFC000E9F83 /* JoinViewController.m */,
				5F7B25CB194907E6006EDB4D /* HomePageNavigationController.h */,
				5F7B25CC194907E6006EDB4D /* HomePageNavigationController.m */,
				5F7B25C81949035F006EDB4D /* CurrentScoreViewController.h */,
				5F7B25C91949035F006EDB4D /* CurrentScoreViewController.m */,
				5F3AF6FB194F72A000BD04CE /* ScoreProgressViewController.h */,
				5F3AF6FC194F72A000BD04CE /* ScoreProgressViewController.m */,
				5F3AF6FE194F7C9700BD04CE /* ScoreProgressGraphView.h */,
				5F3AF6FF194F7C9700BD04CE /* ScoreProgressGraphView.m */,
				5F574FD3194927BC006059D2 /* SideSwipeTableViewController.h */,
				5F574FD4194927BC006059D2 /* SideSwipeTableViewController.m */,
				5F574FD019491A19006059D2 /* SideSwipeTableViewCell.h */,
				5F574FD119491A19006059D2 /* SideSwipeTableViewCell.m */,
				5F2FD6831964D47700B41E23 /* GetScoreViewController.h */,
				5F2FD6841964D47700B41E23 /* GetScoreViewController.m */,
				5F461980196D05120014F5F3 /* ForgotPasswordViewController.h */,
				5F461981196D05120014F5F3 /* ForgotPasswordViewController.m */,
				5F3FBD7D194A1C8700FB0548 /* SurveyViewController.h */,
				5F3FBD7E194A1C8700FB0548 /* SurveyViewController.m */,
				5FD84C7B194A4F16003A711E /* MyProfileViewController.h */,
				5FD84C7C194A4F16003A711E /* MyProfileViewController.m */,
				5FDE03E51950EF670009A993 /* TodosViewController.h */,
				5FDE03E61950EF670009A993 /* TodosViewController.m */,
				5FDE03E81950F0E00009A993 /* CompletedTodosViewController.h */,
				5FDE03E91950F0E00009A993 /* CompletedTodosViewController.m */,
				5FDE03EB1950FBC10009A993 /* TipHistoryViewController.h */,
				5FDE03EC1950FBC10009A993 /* TipHistoryViewController.m */,
				5F3AF705194FD1F500BD04CE /* HowItWorksPageViewController.h */,
				5F3AF706194FD1F500BD04CE /* HowItWorksPageViewController.m */,
				5F3AF708194FD38500BD04CE /* HowItWorksContentViewController.h */,
				5F3AF709194FD38500BD04CE /* HowItWorksContentViewController.m */,
				5F94EAEF194B67F50077FD1D /* SettingsViewController.h */,
				5F94EAF0194B67F50077FD1D /* SettingsViewController.m */,
				5F94EAF2194B6E810077FD1D /* UserSettingsViewController.h */,
				5F94EAF3194B6E810077FD1D /* UserSettingsViewController.m */,
				5F94EAF5194B77C40077FD1D /* AboutUsViewController.h */,
				5F94EAF6194B77C40077FD1D /* AboutUsViewController.m */,
				5F94EAF8194B78130077FD1D /* LeaveFeedbackViewController.h */,
				5F94EAF9194B78130077FD1D /* LeaveFeedbackViewController.m */,
				5F94EAFB194B78580077FD1D /* PrivacyPolicyViewController.h */,
				5F94EAFC194B78580077FD1D /* PrivacyPolicyViewController.m */,
				5F94EAFE194B78770077FD1D /* TermsOfUseViewController.h */,
				5F94EAFF194B78770077FD1D /* TermsOfUseViewController.m */,
				5FC3D14B1947B5E5003D3E94 /* Survey.storyboard */,
				5F7FF0871948053600A48C86 /* LandingPage.storyboard */,
				5FC3D14D1947CBA3003D3E94 /* HomePage.storyboard */,
				5F3FBD89194A32FB00FB0548 /* MyProfile.storyboard */,
				5F3FBD8B194A395A00FB0548 /* Settings.storyboard */,
				5F3AF6F9194F711400BD04CE /* ScoreProgress.storyboard */,
				5FDE03E31950EA1C0009A993 /* Todos.storyboard */,
				5F3AF701194FCAC200BD04CE /* HowItWorks.storyboard */,
				5F2FD6811964CD9200B41E23 /* GetScore.storyboard */,
				5F46197E196D02970014F5F3 /* ForgotPassword.storyboard */,
				5FC3D0AC19479979003D3E94 /* Images.xcassets */,
				5FC3D09B19479979003D3E94 /* Supporting Files */,
			);
			path = babyQ;
			sourceTree = "<group>";
		};
		5FC3D09B19479979003D3E94 /* Supporting Files */ = {
			isa = PBXGroup;
			children = (
				5FC3D09C19479979003D3E94 /* babyQ-Info.plist */,
				5FC3D09D19479979003D3E94 /* InfoPlist.strings */,
				5FC3D0A019479979003D3E94 /* main.m */,
				5FC3D0A219479979003D3E94 /* babyQ-Prefix.pch */,
			);
			name = "Supporting Files";
			sourceTree = "<group>";
		};
		5FC3D0B919479979003D3E94 /* babyQTests */ = {
			isa = PBXGroup;
			children = (
				5FC3D0BF19479979003D3E94 /* babyQTests.m */,
				5FC3D0BA19479979003D3E94 /* Supporting Files */,
			);
			path = babyQTests;
			sourceTree = SOURCE_ROOT;
		};
		5FC3D0BA19479979003D3E94 /* Supporting Files */ = {
			isa = PBXGroup;
			children = (
				5FC3D0BB19479979003D3E94 /* babyQTests-Info.plist */,
				5FC3D0BC19479979003D3E94 /* InfoPlist.strings */,
			);
			name = "Supporting Files";
			sourceTree = "<group>";
		};
/* End PBXGroup section */

/* Begin PBXHeadersBuildPhase section */
		5FDE03EF19510B760009A993 /* Headers */ = {
			isa = PBXHeadersBuildPhase;
			buildActionMask = 2147483647;
			files = (
				5F49D12819526ACF0073BD85 /* Constants.h in Headers */,
				5F2FD6851964D47700B41E23 /* GetScoreViewController.h in Headers */,
				5F461982196D05120014F5F3 /* ForgotPasswordViewController.h in Headers */,
			);
			runOnlyForDeploymentPostprocessing = 0;
		};
/* End PBXHeadersBuildPhase section */

/* Begin PBXNativeTarget section */
		5FC3D09019479979003D3E94 /* babyQ */ = {
			isa = PBXNativeTarget;
			buildConfigurationList = 5FC3D0C319479979003D3E94 /* Build configuration list for PBXNativeTarget "babyQ" */;
			buildPhases = (
				1229ADDFBBCB4699B7CCDDE6 /* Check Pods Manifest.lock */,
				5FC3D08D19479979003D3E94 /* Sources */,
				5FC3D08E19479979003D3E94 /* Frameworks */,
				5FC3D08F19479979003D3E94 /* Resources */,
				EDBC3BAC115C4165B2E3B714 /* Copy Pods Resources */,
				5FDE03EF19510B760009A993 /* Headers */,
			);
			buildRules = (
			);
			dependencies = (
			);
			name = babyQ;
			productName = babyQ;
			productReference = 5FC3D09119479979003D3E94 /* babyQ.app */;
			productType = "com.apple.product-type.application";
		};
		5FC3D0B119479979003D3E94 /* babyQTests */ = {
			isa = PBXNativeTarget;
			buildConfigurationList = 5FC3D0C619479979003D3E94 /* Build configuration list for PBXNativeTarget "babyQTests" */;
			buildPhases = (
				5FC3D0AE19479979003D3E94 /* Sources */,
				5FC3D0AF19479979003D3E94 /* Frameworks */,
				5FC3D0B019479979003D3E94 /* Resources */,
			);
			buildRules = (
			);
			dependencies = (
				5FC3D0B819479979003D3E94 /* PBXTargetDependency */,
			);
			name = babyQTests;
			productName = babyQTests;
			productReference = 5FC3D0B219479979003D3E94 /* babyQTests.xctest */;
			productType = "com.apple.product-type.bundle.unit-test";
		};
/* End PBXNativeTarget section */

/* Begin PBXProject section */
		5FC3D08919479979003D3E94 /* Project object */ = {
			isa = PBXProject;
			attributes = {
				LastUpgradeCheck = 0510;
				ORGANIZATIONNAME = babyQ;
				TargetAttributes = {
					5FC3D09019479979003D3E94 = {
						DevelopmentTeam = G47S2L5ZRT;
					};
					5FC3D0B119479979003D3E94 = {
						TestTargetID = 5FC3D09019479979003D3E94;
					};
				};
			};
			buildConfigurationList = 5FC3D08C19479979003D3E94 /* Build configuration list for PBXProject "babyQ" */;
			compatibilityVersion = "Xcode 3.2";
			developmentRegion = English;
			hasScannedForEncodings = 0;
			knownRegions = (
				en,
				Base,
			);
			mainGroup = 5FC3D08819479979003D3E94;
			productRefGroup = 5FC3D09219479979003D3E94 /* Products */;
			projectDirPath = "";
			projectRoot = "";
			targets = (
				5FC3D09019479979003D3E94 /* babyQ */,
				5FC3D0B119479979003D3E94 /* babyQTests */,
			);
		};
/* End PBXProject section */

/* Begin PBXResourcesBuildPhase section */
		5FC3D08F19479979003D3E94 /* Resources */ = {
			isa = PBXResourcesBuildPhase;
			buildActionMask = 2147483647;
			files = (
				5F7FF06A1948035C00A48C86 /* babyq_get_your_babyq_score_header.png in Resources */,
				5F2FD6821964CD9200B41E23 /* GetScore.storyboard in Resources */,
				5F7FF05F1948035C00A48C86 /* babyq_signin_button.png in Resources */,
				5F0296BE195BFE5B0094F542 /* babyq_next_button.png in Resources */,
				5F3AF702194FCAC200BD04CE /* HowItWorks.storyboard in Resources */,
				5F7FF0841948035C00A48C86 /* babyq_logo.png in Resources */,
				5F7FF0601948035C00A48C86 /* babyq_signin_orange_button.png in Resources */,
				5F7FF0631948035C00A48C86 /* babyq_view_progress_button.png in Resources */,
				5F7FF04C1948035C00A48C86 /* babyq_dropdown_arrow_survey.png in Resources */,
				5F68D800195E3D1D00C799E7 /* babyq_slider_horizontal.png in Resources */,
				5F68D7FF195E3D1D00C799E7 /* babyq_score_background.png in Resources */,
				5F7FF0741948035C00A48C86 /* babyq_check_mark.png in Resources */,
				5F46197F196D02970014F5F3 /* ForgotPassword.storyboard in Resources */,
				5F7FF0511948035C00A48C86 /* babyq_feedback_avatar.png in Resources */,
				5F7FF05C1948035C00A48C86 /* babyq_login_facebook_button.png in Resources */,
				5F3FBD86194A1F5F00FB0548 /* Bebas.ttf in Resources */,
				5F82CAB81957C2FF00B4A33A /* babyq_y_axis.png in Resources */,
				5F68D801195E3D1D00C799E7 /* babyq_slider_vertical.png in Resources */,
				5F7FF05B1948035C00A48C86 /* babyq_join_button.png in Resources */,
				5F3AF6FA194F711400BD04CE /* ScoreProgress.storyboard in Resources */,
				5F7FF0501948035C00A48C86 /* babyq_orange_arrow_thin_right.png in Resources */,
				5F7FF0611948035C00A48C86 /* babyq_signout_button.png in Resources */,
				5F7FF0711948035C00A48C86 /* babyq_update_babyq_score_header.png in Resources */,
				5F7FF04F1948035C00A48C86 /* babyq_orange_arrow_right.png in Resources */,
				5F2FD67E1964685000B41E23 /* MyriadPro-Bold.otf in Resources */,
				5F7FF0731948035C00A48C86 /* babyq_check_box.png in Resources */,
				5F7FF0581948035C00A48C86 /* babyq_completed_to-do_buttons.png in Resources */,
				5F3FBD8A194A32FB00FB0548 /* MyProfile.storyboard in Resources */,
				5FC3D0AD19479979003D3E94 /* Images.xcassets in Resources */,
				5F7FF0521948035C00A48C86 /* babyq_join_avatar.png in Resources */,
				5F7FF06F1948035C00A48C86 /* babyq_to-do_completed_header.png in Resources */,
				5F7FF06C1948035C00A48C86 /* babyq_instructions_header.png in Resources */,
				5F7FF0661948035C00A48C86 /* babyq_popup_divider.png in Resources */,
				5F7FF05E1948035C00A48C86 /* babyq_save_button.png in Resources */,
				5F7FF0861948035C00A48C86 /* babyq_progressbar_bubble.png in Resources */,
				5F7FF0761948035C00A48C86 /* babyq_edit_icon.png in Resources */,
				5F7FF0811948035C00A48C86 /* babyq_survey_icon.png in Resources */,
				5F7FF0571948035C00A48C86 /* babyq_blog_button.png in Resources */,
				5F3FBD83194A1E5500FB0548 /* babyq_circle.png in Resources */,
				5F574FD91949397B006059D2 /* babyq_dropdown_arrow.png in Resources */,
				5F7FF07B1948035C00A48C86 /* babyq_menu_my_profile_icon.png in Resources */,
				5F7FF0791948035C00A48C86 /* babyq_menu_how-to_icon.png in Resources */,
				5F7FF0561948035C00A48C86 /* baby_q_signinjoin_button.png in Resources */,
				5F7FF0531948035C00A48C86 /* babyq_currentscore_total_background.png in Resources */,
				5F7FF06D1948035C00A48C86 /* babyq_survey_complete_header.png in Resources */,
				5F7FF0681948035C00A48C86 /* babyq_currentscore_header.png in Resources */,
				5F7FF0691948035C00A48C86 /* babyq_forgotpassword.png in Resources */,
				5F7FF05A1948035C00A48C86 /* babyq_get_your_score_button.png in Resources */,
				5FC3D14E1947CBA3003D3E94 /* HomePage.storyboard in Resources */,
				5F3FBD82194A1E5500FB0548 /* babyq_circle_orange.png in Resources */,
				5F7FF07D1948035C00A48C86 /* babyq_menu_settigns_icon.png in Resources */,
				5F7FF07E1948035C00A48C86 /* babyq_menu_to-dos_icon.png in Resources */,
				5FC3D14C1947B5E5003D3E94 /* Survey.storyboard in Resources */,
				5F3FBD8C194A395A00FB0548 /* Settings.storyboard in Resources */,
				5F7FF0751948035C00A48C86 /* babyq_dailytip_icon.png in Resources */,
				5F7FF0801948035C00A48C86 /* babyq_signin_questionmark.png in Resources */,
				5F7FF0721948035C00A48C86 /* babyq_camera_icon.png in Resources */,
				5F7FF0771948035C00A48C86 /* babyq_facebook_icon.png in Resources */,
				5F7FF0651948035C00A48C86 /* babyq_dots_divider.png in Resources */,
				5F7FF0591948035C00A48C86 /* babyq_get_started_button.png in Resources */,
				5FD48FE2197F3170005CC61D /* babyq_feedback_tab.png in Resources */,
				5F7FF07F1948035C00A48C86 /* babyq_progress_slider.png in Resources */,
				5F7FF06B1948035C00A48C86 /* babyq_header_back_arrow.png in Resources */,
				5F3FBD88194A311100FB0548 /* MyriadPro-Regular.otf in Resources */,
				5F7FF0701948035C00A48C86 /* babyq_tutorials_header.png in Resources */,
				5F7FF0821948035C00A48C86 /* babyq_take_survey_X.png in Resources */,
				5F7FF0881948053600A48C86 /* LandingPage.storyboard in Resources */,
				5FC3D09F19479979003D3E94 /* InfoPlist.strings in Resources */,
				5F2FD67D1964684B00B41E23 /* MyriadPro-Semibold.otf in Resources */,
				5FE6DB9C195D3F4300E31C76 /* babyq_circle_orange_no_fill.png in Resources */,
				5F7FF0551948035C00A48C86 /* babyq_light_grid_background.png in Resources */,
				5F3AF704194FD0E200BD04CE /* babyq_cloud.png in Resources */,
				5F7FF04D1948035C00A48C86 /* babyq_menu_arrow_right.png in Resources */,
				5F0296C0195C009F0094F542 /* babyq_survey_x.png in Resources */,
				5F7FF0671948035C00A48C86 /* babyq_completed_to-do_header in Resources */,
				5F7FF07A1948035C00A48C86 /* babyq_menu_icon.png in Resources */,
				5F7FF0541948035C00A48C86 /* babyq_green_background.png in Resources */,
				5F7FF0621948035C00A48C86 /* babyq_update_your_score_button.png in Resources */,
				5F7FF04E1948035C00A48C86 /* babyq_orange_arrow_down.png in Resources */,
				5FDE03E41950EA1C0009A993 /* Todos.storyboard in Resources */,
				5F7FF07C1948035C00A48C86 /* babyq_menu_score_progress_icon.png in Resources */,
				5F7FF0781948035C00A48C86 /* babyq_menu_currentscore_icon.png in Resources */,
				5F7FF0641948035C00A48C86 /* babyq_website_button.png in Resources */,
				5F7FF0851948035C00A48C86 /* babyq_popover.png in Resources */,
				5F7FF0831948035C00A48C86 /* babyq_twitter_icon.png in Resources */,
				5F7FF06E1948035C00A48C86 /* babyq_take_the_survey_header.png in Resources */,
			);
			runOnlyForDeploymentPostprocessing = 0;
		};
		5FC3D0B019479979003D3E94 /* Resources */ = {
			isa = PBXResourcesBuildPhase;
			buildActionMask = 2147483647;
			files = (
				5FC3D0BE19479979003D3E94 /* InfoPlist.strings in Resources */,
			);
			runOnlyForDeploymentPostprocessing = 0;
		};
/* End PBXResourcesBuildPhase section */

/* Begin PBXShellScriptBuildPhase section */
		1229ADDFBBCB4699B7CCDDE6 /* Check Pods Manifest.lock */ = {
			isa = PBXShellScriptBuildPhase;
			buildActionMask = 2147483647;
			files = (
			);
			inputPaths = (
			);
			name = "Check Pods Manifest.lock";
			outputPaths = (
			);
			runOnlyForDeploymentPostprocessing = 0;
			shellPath = /bin/sh;
			shellScript = "diff \"${PODS_ROOT}/../Podfile.lock\" \"${PODS_ROOT}/Manifest.lock\" > /dev/null\nif [[ $? != 0 ]] ; then\n    cat << EOM\nerror: The sandbox is not in sync with the Podfile.lock. Run 'pod install' or update your CocoaPods installation.\nEOM\n    exit 1\nfi\n";
			showEnvVarsInLog = 0;
		};
		EDBC3BAC115C4165B2E3B714 /* Copy Pods Resources */ = {
			isa = PBXShellScriptBuildPhase;
			buildActionMask = 2147483647;
			files = (
			);
			inputPaths = (
			);
			name = "Copy Pods Resources";
			outputPaths = (
			);
			runOnlyForDeploymentPostprocessing = 0;
			shellPath = /bin/sh;
			shellScript = "\"${SRCROOT}/Pods/Pods-resources.sh\"\n";
			showEnvVarsInLog = 0;
		};
/* End PBXShellScriptBuildPhase section */

/* Begin PBXSourcesBuildPhase section */
		5FC3D08D19479979003D3E94 /* Sources */ = {
			isa = PBXSourcesBuildPhase;
			buildActionMask = 2147483647;
			files = (
				5FC3D0A519479979003D3E94 /* AppDelegate.m in Sources */,
				5F95E48F194B9A68000E9F83 /* LandingPageViewController.m in Sources */,
				5F7B25CA1949035F006EDB4D /* CurrentScoreViewController.m in Sources */,
				5FDE03ED1950FBC10009A993 /* TipHistoryViewController.m in Sources */,
				5FD84C7D194A4F16003A711E /* MyProfileViewController.m in Sources */,
				5F49D12919526ACF0073BD85 /* Constants.m in Sources */,
				5F2FD6861964D47700B41E23 /* GetScoreViewController.m in Sources */,
				5F94EAF1194B67F50077FD1D /* SettingsViewController.m in Sources */,
				5F3AF707194FD1F500BD04CE /* HowItWorksPageViewController.m in Sources */,
				5FDE03EA1950F0E00009A993 /* CompletedTodosViewController.m in Sources */,
				5F3AF70A194FD38500BD04CE /* HowItWorksContentViewController.m in Sources */,
				5F94EAFD194B78580077FD1D /* PrivacyPolicyViewController.m in Sources */,
				5F94EAF4194B6E810077FD1D /* UserSettingsViewController.m in Sources */,
				5F94EAFA194B78130077FD1D /* LeaveFeedbackViewController.m in Sources */,
				5F3AF700194F7C9700BD04CE /* ScoreProgressGraphView.m in Sources */,
				5F461983196D05120014F5F3 /* ForgotPasswordViewController.m in Sources */,
				5F95E492194B9ADD000E9F83 /* SignInViewController.m in Sources */,
				5F95E495194B9AFC000E9F83 /* JoinViewController.m in Sources */,
				5F3FBD7F194A1C8700FB0548 /* SurveyViewController.m in Sources */,
				5FC3D0A119479979003D3E94 /* main.m in Sources */,
				5F94EAF7194B77C40077FD1D /* AboutUsViewController.m in Sources */,
				5FDE03E71950EF670009A993 /* TodosViewController.m in Sources */,
				5F574FD219491A19006059D2 /* SideSwipeTableViewCell.m in Sources */,
				5F94EB00194B78770077FD1D /* TermsOfUseViewController.m in Sources */,
				5F574FD5194927BC006059D2 /* SideSwipeTableViewController.m in Sources */,
				5F3AF6FD194F72A000BD04CE /* ScoreProgressViewController.m in Sources */,
				5F7B25CD194907E6006EDB4D /* HomePageNavigationController.m in Sources */,
			);
			runOnlyForDeploymentPostprocessing = 0;
		};
		5FC3D0AE19479979003D3E94 /* Sources */ = {
			isa = PBXSourcesBuildPhase;
			buildActionMask = 2147483647;
			files = (
				5FC3D0C019479979003D3E94 /* babyQTests.m in Sources */,
			);
			runOnlyForDeploymentPostprocessing = 0;
		};
/* End PBXSourcesBuildPhase section */

/* Begin PBXTargetDependency section */
		5FC3D0B819479979003D3E94 /* PBXTargetDependency */ = {
			isa = PBXTargetDependency;
			target = 5FC3D09019479979003D3E94 /* babyQ */;
			targetProxy = 5FC3D0B719479979003D3E94 /* PBXContainerItemProxy */;
		};
/* End PBXTargetDependency section */

/* Begin PBXVariantGroup section */
		5FC3D09D19479979003D3E94 /* InfoPlist.strings */ = {
			isa = PBXVariantGroup;
			children = (
				5FC3D09E19479979003D3E94 /* en */,
			);
			name = InfoPlist.strings;
			sourceTree = "<group>";
		};
		5FC3D0BC19479979003D3E94 /* InfoPlist.strings */ = {
			isa = PBXVariantGroup;
			children = (
				5FC3D0BD19479979003D3E94 /* en */,
			);
			name = InfoPlist.strings;
			sourceTree = "<group>";
		};
/* End PBXVariantGroup section */

/* Begin XCBuildConfiguration section */
		5FC3D0C119479979003D3E94 /* Debug */ = {
			isa = XCBuildConfiguration;
			buildSettings = {
				ALWAYS_SEARCH_USER_PATHS = NO;
				CLANG_CXX_LANGUAGE_STANDARD = "gnu++0x";
				CLANG_CXX_LIBRARY = "libc++";
				CLANG_ENABLE_MODULES = YES;
				CLANG_ENABLE_OBJC_ARC = YES;
				CLANG_WARN_BOOL_CONVERSION = YES;
				CLANG_WARN_CONSTANT_CONVERSION = YES;
				CLANG_WARN_DIRECT_OBJC_ISA_USAGE = YES_ERROR;
				CLANG_WARN_EMPTY_BODY = YES;
				CLANG_WARN_ENUM_CONVERSION = YES;
				CLANG_WARN_INT_CONVERSION = YES;
				CLANG_WARN_OBJC_ROOT_CLASS = YES_ERROR;
				CLANG_WARN__DUPLICATE_METHOD_MATCH = YES;
				"CODE_SIGN_IDENTITY[sdk=iphoneos*]" = "iPhone Developer";
				COPY_PHASE_STRIP = NO;
				GCC_C_LANGUAGE_STANDARD = gnu99;
				GCC_DYNAMIC_NO_PIC = NO;
				GCC_OPTIMIZATION_LEVEL = 0;
				GCC_PREPROCESSOR_DEFINITIONS = (
					"DEBUG=1",
					"$(inherited)",
				);
				GCC_SYMBOLS_PRIVATE_EXTERN = NO;
				GCC_WARN_64_TO_32_BIT_CONVERSION = YES;
				GCC_WARN_ABOUT_RETURN_TYPE = YES_ERROR;
				GCC_WARN_UNDECLARED_SELECTOR = YES;
				GCC_WARN_UNINITIALIZED_AUTOS = YES;
				GCC_WARN_UNUSED_FUNCTION = YES;
				GCC_WARN_UNUSED_VARIABLE = YES;
				IPHONEOS_DEPLOYMENT_TARGET = 7.0;
				ONLY_ACTIVE_ARCH = YES;
				SDKROOT = iphoneos;
			};
			name = Debug;
		};
		5FC3D0C219479979003D3E94 /* Release */ = {
			isa = XCBuildConfiguration;
			buildSettings = {
				ALWAYS_SEARCH_USER_PATHS = NO;
				CLANG_CXX_LANGUAGE_STANDARD = "gnu++0x";
				CLANG_CXX_LIBRARY = "libc++";
				CLANG_ENABLE_MODULES = YES;
				CLANG_ENABLE_OBJC_ARC = YES;
				CLANG_WARN_BOOL_CONVERSION = YES;
				CLANG_WARN_CONSTANT_CONVERSION = YES;
				CLANG_WARN_DIRECT_OBJC_ISA_USAGE = YES_ERROR;
				CLANG_WARN_EMPTY_BODY = YES;
				CLANG_WARN_ENUM_CONVERSION = YES;
				CLANG_WARN_INT_CONVERSION = YES;
				CLANG_WARN_OBJC_ROOT_CLASS = YES_ERROR;
				CLANG_WARN__DUPLICATE_METHOD_MATCH = YES;
				"CODE_SIGN_IDENTITY[sdk=iphoneos*]" = "iPhone Developer";
				COPY_PHASE_STRIP = YES;
				ENABLE_NS_ASSERTIONS = NO;
				GCC_C_LANGUAGE_STANDARD = gnu99;
				GCC_WARN_64_TO_32_BIT_CONVERSION = YES;
				GCC_WARN_ABOUT_RETURN_TYPE = YES_ERROR;
				GCC_WARN_UNDECLARED_SELECTOR = YES;
				GCC_WARN_UNINITIALIZED_AUTOS = YES;
				GCC_WARN_UNUSED_FUNCTION = YES;
				GCC_WARN_UNUSED_VARIABLE = YES;
				IPHONEOS_DEPLOYMENT_TARGET = 7.0;
				SDKROOT = iphoneos;
				VALIDATE_PRODUCT = YES;
			};
			name = Release;
		};
		5FC3D0C419479979003D3E94 /* Debug */ = {
			isa = XCBuildConfiguration;
			baseConfigurationReference = 1BD59991950F495CB7169FB7 /* Pods.xcconfig */;
			buildSettings = {
				ASSETCATALOG_COMPILER_APPICON_NAME = AppIcon;
				ASSETCATALOG_COMPILER_LAUNCHIMAGE_NAME = LaunchImage;
				CODE_SIGN_IDENTITY = "iPhone Developer";
				"CODE_SIGN_IDENTITY[sdk=iphoneos*]" = "iPhone Developer";
				FRAMEWORK_SEARCH_PATHS = (
					"$(inherited)",
					"$(PROJECT_DIR)",
					/Users/chriswood/Documents/FacebookSDK,
				);
				GCC_PRECOMPILE_PREFIX_HEADER = YES;
				GCC_PREFIX_HEADER = "babyQ/babyQ-Prefix.pch";
				HEADER_SEARCH_PATHS = (
					"\"${PODS_ROOT}/Headers\"",
					"\"${PODS_ROOT}/Headers/MMDrawerController\"",
				);
				INFOPLIST_FILE = "babyQ/babyQ-Info.plist";
				PRODUCT_NAME = "$(TARGET_NAME)";
				PROVISIONING_PROFILE = "";
				WRAPPER_EXTENSION = app;
			};
			name = Debug;
		};
		5FC3D0C519479979003D3E94 /* Release */ = {
			isa = XCBuildConfiguration;
			baseConfigurationReference = 1BD59991950F495CB7169FB7 /* Pods.xcconfig */;
			buildSettings = {
				ASSETCATALOG_COMPILER_APPICON_NAME = AppIcon;
				ASSETCATALOG_COMPILER_LAUNCHIMAGE_NAME = LaunchImage;
				CODE_SIGN_IDENTITY = "iPhone Developer";
				"CODE_SIGN_IDENTITY[sdk=iphoneos*]" = "iPhone Developer";
				FRAMEWORK_SEARCH_PATHS = (
					"$(inherited)",
					"$(PROJECT_DIR)",
					/Users/chriswood/Documents/FacebookSDK,
				);
				GCC_PRECOMPILE_PREFIX_HEADER = YES;
				GCC_PREFIX_HEADER = "babyQ/babyQ-Prefix.pch";
				HEADER_SEARCH_PATHS = (
					"\"${PODS_ROOT}/Headers\"",
					"\"${PODS_ROOT}/Headers/MMDrawerController\"",
				);
				INFOPLIST_FILE = "babyQ/babyQ-Info.plist";
				PRODUCT_NAME = "$(TARGET_NAME)";
				PROVISIONING_PROFILE = "";
				WRAPPER_EXTENSION = app;
			};
			name = Release;
		};
		5FC3D0C719479979003D3E94 /* Debug */ = {
			isa = XCBuildConfiguration;
			buildSettings = {
				BUNDLE_LOADER = "$(BUILT_PRODUCTS_DIR)/babyQ.app/babyQ";
				FRAMEWORK_SEARCH_PATHS = (
					"$(SDKROOT)/Developer/Library/Frameworks",
					"$(inherited)",
					"$(DEVELOPER_FRAMEWORKS_DIR)",
				);
				GCC_PRECOMPILE_PREFIX_HEADER = YES;
				GCC_PREFIX_HEADER = "babyQ/babyQ-Prefix.pch";
				GCC_PREPROCESSOR_DEFINITIONS = (
					"DEBUG=1",
					"$(inherited)",
				);
				INFOPLIST_FILE = "babyQTests/babyQTests-Info.plist";
				PRODUCT_NAME = "$(TARGET_NAME)";
				TEST_HOST = "$(BUNDLE_LOADER)";
				WRAPPER_EXTENSION = xctest;
			};
			name = Debug;
		};
		5FC3D0C819479979003D3E94 /* Release */ = {
			isa = XCBuildConfiguration;
			buildSettings = {
				BUNDLE_LOADER = "$(BUILT_PRODUCTS_DIR)/babyQ.app/babyQ";
				FRAMEWORK_SEARCH_PATHS = (
					"$(SDKROOT)/Developer/Library/Frameworks",
					"$(inherited)",
					"$(DEVELOPER_FRAMEWORKS_DIR)",
				);
				GCC_PRECOMPILE_PREFIX_HEADER = YES;
				GCC_PREFIX_HEADER = "babyQ/babyQ-Prefix.pch";
				INFOPLIST_FILE = "babyQTests/babyQTests-Info.plist";
				PRODUCT_NAME = "$(TARGET_NAME)";
				TEST_HOST = "$(BUNDLE_LOADER)";
				WRAPPER_EXTENSION = xctest;
			};
			name = Release;
		};
/* End XCBuildConfiguration section */

/* Begin XCConfigurationList section */
		5FC3D08C19479979003D3E94 /* Build configuration list for PBXProject "babyQ" */ = {
			isa = XCConfigurationList;
			buildConfigurations = (
				5FC3D0C119479979003D3E94 /* Debug */,
				5FC3D0C219479979003D3E94 /* Release */,
			);
			defaultConfigurationIsVisible = 0;
			defaultConfigurationName = Release;
		};
		5FC3D0C319479979003D3E94 /* Build configuration list for PBXNativeTarget "babyQ" */ = {
			isa = XCConfigurationList;
			buildConfigurations = (
				5FC3D0C419479979003D3E94 /* Debug */,
				5FC3D0C519479979003D3E94 /* Release */,
			);
			defaultConfigurationIsVisible = 0;
			defaultConfigurationName = Release;
		};
		5FC3D0C619479979003D3E94 /* Build configuration list for PBXNativeTarget "babyQTests" */ = {
			isa = XCConfigurationList;
			buildConfigurations = (
				5FC3D0C719479979003D3E94 /* Debug */,
				5FC3D0C819479979003D3E94 /* Release */,
			);
			defaultConfigurationIsVisible = 0;
			defaultConfigurationName = Release;
		};
/* End XCConfigurationList section */
	};
	rootObject = 5FC3D08919479979003D3E94 /* Project object */;
}
